
Microsoft Visual Studio Solution File, Format Version 10.00
# Visual Studio 2008
Project("{FAE04EC0-301F-11D3-BF4B-00C04F79EFBC}") = "MetroHome65", "MetroHome65\MetroHome65.csproj", "{55BF769B-A219-4FCF-8B3C-4B87D0D147AF}"
	ProjectSection(ProjectDependencies) = postProject
		{8526293A-9C66-48F6-A90D-FB2B7128BF08} = {8526293A-9C66-48F6-A90D-FB2B7128BF08}
	EndProjectSection
EndProject
Project("{FAE04EC0-301F-11D3-BF4B-00C04F79EFBC}") = "BaseWidgets", "Widgets\BaseWidgets\BaseWidgets.csproj", "{B23D069D-4ED9-4F45-BE07-DA271A2106D4}"
	ProjectSection(ProjectDependencies) = postProject
		{A6BFA5B1-E501-4588-BCF0-F07356F120E3} = {A6BFA5B1-E501-4588-BCF0-F07356F120E3}
	EndProjectSection
EndProject
Project("{FAE04EC0-301F-11D3-BF4B-00C04F79EFBC}") = "ClockWidgets", "Widgets\ClockWidgets\ClockWidgets.csproj", "{6EA956FA-6157-44EF-A9B4-FB43B4E18FAD}"
	ProjectSection(ProjectDependencies) = postProject
		{B23D069D-4ED9-4F45-BE07-DA271A2106D4} = {B23D069D-4ED9-4F45-BE07-DA271A2106D4}
	EndProjectSection
EndProject
Project("{FAE04EC0-301F-11D3-BF4B-00C04F79EFBC}") = "PhoneWidgets", "Widgets\PhoneWidgets\PhoneWidgets.csproj", "{058BEB2E-C6A2-4B37-A734-6E3EDBFF8A5A}"
	ProjectSection(ProjectDependencies) = postProject
		{B23D069D-4ED9-4F45-BE07-DA271A2106D4} = {B23D069D-4ED9-4F45-BE07-DA271A2106D4}
		{A6BFA5B1-E501-4588-BCF0-F07356F120E3} = {A6BFA5B1-E501-4588-BCF0-F07356F120E3}
	EndProjectSection
EndProject
Project("{FAE04EC0-301F-11D3-BF4B-00C04F79EFBC}") = "Metrohome65.Settings.Controls", "Metrohome65.Settings.Controls\Metrohome65.Settings.Controls.csproj", "{A6BFA5B1-E501-4588-BCF0-F07356F120E3}"
EndProject
Project("{FAE04EC0-301F-11D3-BF4B-00C04F79EFBC}") = "MetroHome65.Routines", "MetroHome65.Routines\MetroHome65.Routines.csproj", "{18D428A8-6722-4A69-B39D-F652AFA34D90}"
EndProject
Project("{B900F1C2-3D47-4FEC-85B3-04AAF18C3634}") = "Setup", "Setup\Setup.vddproj", "{6A342D7F-A61B-4835-A4BE-B0679AAD6D72}"
EndProject
Project("{FAE04EC0-301F-11D3-BF4B-00C04F79EFBC}") = "StatusWidgets", "Widgets\StatusWidgets\StatusWidgets.csproj", "{C0BBBE1D-433E-4468-B401-647FC0578320}"
EndProject
Project("{FAE04EC0-301F-11D3-BF4B-00C04F79EFBC}") = "Fleux", "Fleux\Fleux.csproj", "{8526293A-9C66-48F6-A90D-FB2B7128BF08}"
EndProject
Project("{FAE04EC0-301F-11D3-BF4B-00C04F79EFBC}") = "MetroHome65.Interfaces", "MetroHome65.Interfaces\MetroHome65.Interfaces.csproj", "{A0D38398-7B6A-45D8-B2C7-19120FEA68FC}"
EndProject
Project("{FAE04EC0-301F-11D3-BF4B-00C04F79EFBC}") = "ContactWidgets", "Widgets\ContactWidgets\ContactWidgets.csproj", "{C0A7071D-9211-44ED-9DEF-47BD94C51BA2}"
EndProject
Project("{FAE04EC0-301F-11D3-BF4B-00C04F79EFBC}") = "MetroHome65.Tile", "MetroHome65.Tile\MetroHome65.Tile.csproj", "{01BCB6DF-EBAC-4899-B03C-2E6C2BCBB93C}"
EndProject
Project("{FAE04EC0-301F-11D3-BF4B-00C04F79EFBC}") = "FolderWidget", "Widgets\FolderWidget\FolderWidget.csproj", "{672996CA-3E35-4492-ACAB-F571F77F6FB5}"
EndProject
Project("{2150E333-8FDC-42A3-9474-1A3956D46DE8}") = "Widgets", "Widgets", "{0B797F7A-E0C8-48CD-878C-9DF1EB7F418B}"
EndProject
Project("{2150E333-8FDC-42A3-9474-1A3956D46DE8}") = "LockScreens", "LockScreens", "{06846815-88AF-4DC8-B30A-951AA8864B87}"
EndProject
Project("{FAE04EC0-301F-11D3-BF4B-00C04F79EFBC}") = "SimpleLock", "LockScreens\SimpleLock\SimpleLock.csproj", "{45F5A97D-8487-4239-947C-0ED0DB434346}"
EndProject
Project("{FAE04EC0-301F-11D3-BF4B-00C04F79EFBC}") = "WPLock", "LockScreens\WPLock\WPLock.csproj", "{BB2F0F29-E2CE-4053-A6D5-ADB3AABC7A8E}"
EndProject
Project("{2150E333-8FDC-42A3-9474-1A3956D46DE8}") = "Additional", "Additional", "{DAAA24B1-DA24-464C-AA0E-967917374150}"
EndProject
Project("{FAE04EC0-301F-11D3-BF4B-00C04F79EFBC}") = "WPAccuWeather", "Widgets\Additional\WPAccuWeather\WPAccuWeather.csproj", "{0A9395F4-5F1A-4A4D-9187-1348DD68BB6C}"
EndProject
Project("{FAE04EC0-301F-11D3-BF4B-00C04F79EFBC}") = "WPAppointment", "Widgets\Additional\WPAppointment\WPAppointment.csproj", "{6E2E475C-1AAE-4EB3-81B4-2D6BF43E9A8D}"
EndProject
Project("{FAE04EC0-301F-11D3-BF4B-00C04F79EFBC}") = "WPBattery", "Widgets\Additional\WPBattery\WPBattery.csproj", "{851067F9-A502-471E-A9D9-C5CA33D1C227}"
EndProject
Project("{FAE04EC0-301F-11D3-BF4B-00C04F79EFBC}") = "WPOperatorName", "Widgets\Additional\WPOperatorName\WPOperatorName.csproj", "{F7150E86-53CA-4BF5-8453-6CFD354924E2}"
EndProject
Project("{FAE04EC0-301F-11D3-BF4B-00C04F79EFBC}") = "WPSMSExt", "Widgets\Additional\WPSMSExt\WPSMSExt.csproj", "{F37525EE-F9D3-4DE5-B824-6461211DF678}"
EndProject
Project("{FAE04EC0-301F-11D3-BF4B-00C04F79EFBC}") = "WPPlayer", "Widgets\Additional\WPPlayer\WPPlayer.csproj", "{4DE92367-7A44-405E-83C5-5E41140CF04E}"
EndProject
Project("{FAE04EC0-301F-11D3-BF4B-00C04F79EFBC}") = "FleuxControls", "FleuxControls\FleuxControls.csproj", "{3EB3547E-EBC9-48FD-B7F7-F49844D8E42A}"
EndProject
Global
	GlobalSection(SolutionConfigurationPlatforms) = preSolution
		ControlsTest|Any CPU = ControlsTest|Any CPU
		ControlsTest|Mixed Platforms = ControlsTest|Mixed Platforms
		ControlsTest|Windows Mobile 6 = ControlsTest|Windows Mobile 6
		ControlsTest|Windows Mobile 6.5.3 Professional DTK (ARMV4I) = ControlsTest|Windows Mobile 6.5.3 Professional DTK (ARMV4I)
		Debug (SmartPhone)|Any CPU = Debug (SmartPhone)|Any CPU
		Debug (SmartPhone)|Mixed Platforms = Debug (SmartPhone)|Mixed Platforms
		Debug (SmartPhone)|Windows Mobile 6 = Debug (SmartPhone)|Windows Mobile 6
		Debug (SmartPhone)|Windows Mobile 6.5.3 Professional DTK (ARMV4I) = Debug (SmartPhone)|Windows Mobile 6.5.3 Professional DTK (ARMV4I)
		Debug|Any CPU = Debug|Any CPU
		Debug|Mixed Platforms = Debug|Mixed Platforms
		Debug|Windows Mobile 6 = Debug|Windows Mobile 6
		Debug|Windows Mobile 6.5.3 Professional DTK (ARMV4I) = Debug|Windows Mobile 6.5.3 Professional DTK (ARMV4I)
		Release|Any CPU = Release|Any CPU
		Release|Mixed Platforms = Release|Mixed Platforms
		Release|Windows Mobile 6 = Release|Windows Mobile 6
		Release|Windows Mobile 6.5.3 Professional DTK (ARMV4I) = Release|Windows Mobile 6.5.3 Professional DTK (ARMV4I)
	EndGlobalSection
	GlobalSection(ProjectConfigurationPlatforms) = postSolution
		{55BF769B-A219-4FCF-8B3C-4B87D0D147AF}.ControlsTest|Any CPU.ActiveCfg = ControlsTest|Any CPU
		{55BF769B-A219-4FCF-8B3C-4B87D0D147AF}.ControlsTest|Any CPU.Build.0 = ControlsTest|Any CPU
		{55BF769B-A219-4FCF-8B3C-4B87D0D147AF}.ControlsTest|Any CPU.Deploy.0 = ControlsTest|Any CPU
		{55BF769B-A219-4FCF-8B3C-4B87D0D147AF}.ControlsTest|Mixed Platforms.ActiveCfg = ControlsTest|Any CPU
		{55BF769B-A219-4FCF-8B3C-4B87D0D147AF}.ControlsTest|Mixed Platforms.Build.0 = ControlsTest|Any CPU
		{55BF769B-A219-4FCF-8B3C-4B87D0D147AF}.ControlsTest|Mixed Platforms.Deploy.0 = ControlsTest|Any CPU
		{55BF769B-A219-4FCF-8B3C-4B87D0D147AF}.ControlsTest|Windows Mobile 6.ActiveCfg = ControlsTest|Any CPU
		{55BF769B-A219-4FCF-8B3C-4B87D0D147AF}.ControlsTest|Windows Mobile 6.5.3 Professional DTK (ARMV4I).ActiveCfg = ControlsTest|Any CPU
		{55BF769B-A219-4FCF-8B3C-4B87D0D147AF}.Debug (SmartPhone)|Any CPU.ActiveCfg = Debug|Any CPU
		{55BF769B-A219-4FCF-8B3C-4B87D0D147AF}.Debug (SmartPhone)|Any CPU.Build.0 = Debug|Any CPU
		{55BF769B-A219-4FCF-8B3C-4B87D0D147AF}.Debug (SmartPhone)|Any CPU.Deploy.0 = Debug|Any CPU
		{55BF769B-A219-4FCF-8B3C-4B87D0D147AF}.Debug (SmartPhone)|Mixed Platforms.ActiveCfg = Debug|Any CPU
		{55BF769B-A219-4FCF-8B3C-4B87D0D147AF}.Debug (SmartPhone)|Mixed Platforms.Build.0 = Debug|Any CPU
		{55BF769B-A219-4FCF-8B3C-4B87D0D147AF}.Debug (SmartPhone)|Mixed Platforms.Deploy.0 = Debug|Any CPU
		{55BF769B-A219-4FCF-8B3C-4B87D0D147AF}.Debug (SmartPhone)|Windows Mobile 6.ActiveCfg = Debug|Any CPU
		{55BF769B-A219-4FCF-8B3C-4B87D0D147AF}.Debug (SmartPhone)|Windows Mobile 6.5.3 Professional DTK (ARMV4I).ActiveCfg = Debug|Any CPU
		{55BF769B-A219-4FCF-8B3C-4B87D0D147AF}.Debug|Any CPU.ActiveCfg = Debug|Any CPU
		{55BF769B-A219-4FCF-8B3C-4B87D0D147AF}.Debug|Any CPU.Build.0 = Debug|Any CPU
		{55BF769B-A219-4FCF-8B3C-4B87D0D147AF}.Debug|Any CPU.Deploy.0 = Debug|Any CPU
		{55BF769B-A219-4FCF-8B3C-4B87D0D147AF}.Debug|Mixed Platforms.ActiveCfg = Debug|Any CPU
		{55BF769B-A219-4FCF-8B3C-4B87D0D147AF}.Debug|Mixed Platforms.Build.0 = Debug|Any CPU
		{55BF769B-A219-4FCF-8B3C-4B87D0D147AF}.Debug|Mixed Platforms.Deploy.0 = Debug|Any CPU
		{55BF769B-A219-4FCF-8B3C-4B87D0D147AF}.Debug|Windows Mobile 6.ActiveCfg = Debug|Any CPU
		{55BF769B-A219-4FCF-8B3C-4B87D0D147AF}.Debug|Windows Mobile 6.Build.0 = Debug|Any CPU
		{55BF769B-A219-4FCF-8B3C-4B87D0D147AF}.Debug|Windows Mobile 6.Deploy.0 = Debug|Any CPU
		{55BF769B-A219-4FCF-8B3C-4B87D0D147AF}.Debug|Windows Mobile 6.5.3 Professional DTK (ARMV4I).ActiveCfg = Debug|Any CPU
		{55BF769B-A219-4FCF-8B3C-4B87D0D147AF}.Debug|Windows Mobile 6.5.3 Professional DTK (ARMV4I).Build.0 = Debug|Any CPU
		{55BF769B-A219-4FCF-8B3C-4B87D0D147AF}.Debug|Windows Mobile 6.5.3 Professional DTK (ARMV4I).Deploy.0 = Debug|Any CPU
		{55BF769B-A219-4FCF-8B3C-4B87D0D147AF}.Release|Any CPU.ActiveCfg = Release|Any CPU
		{55BF769B-A219-4FCF-8B3C-4B87D0D147AF}.Release|Any CPU.Build.0 = Release|Any CPU
		{55BF769B-A219-4FCF-8B3C-4B87D0D147AF}.Release|Any CPU.Deploy.0 = Release|Any CPU
		{55BF769B-A219-4FCF-8B3C-4B87D0D147AF}.Release|Mixed Platforms.ActiveCfg = Release|Any CPU
		{55BF769B-A219-4FCF-8B3C-4B87D0D147AF}.Release|Mixed Platforms.Build.0 = Release|Any CPU
		{55BF769B-A219-4FCF-8B3C-4B87D0D147AF}.Release|Mixed Platforms.Deploy.0 = Release|Any CPU
		{55BF769B-A219-4FCF-8B3C-4B87D0D147AF}.Release|Windows Mobile 6.ActiveCfg = Release|Any CPU
		{55BF769B-A219-4FCF-8B3C-4B87D0D147AF}.Release|Windows Mobile 6.5.3 Professional DTK (ARMV4I).ActiveCfg = Release|Any CPU
		{55BF769B-A219-4FCF-8B3C-4B87D0D147AF}.Release|Windows Mobile 6.5.3 Professional DTK (ARMV4I).Build.0 = Release|Any CPU
		{B23D069D-4ED9-4F45-BE07-DA271A2106D4}.ControlsTest|Any CPU.ActiveCfg = ControlsTest|Any CPU
		{B23D069D-4ED9-4F45-BE07-DA271A2106D4}.ControlsTest|Any CPU.Build.0 = ControlsTest|Any CPU
		{B23D069D-4ED9-4F45-BE07-DA271A2106D4}.ControlsTest|Mixed Platforms.ActiveCfg = ControlsTest|Any CPU
		{B23D069D-4ED9-4F45-BE07-DA271A2106D4}.ControlsTest|Mixed Platforms.Build.0 = ControlsTest|Any CPU
		{B23D069D-4ED9-4F45-BE07-DA271A2106D4}.ControlsTest|Windows Mobile 6.ActiveCfg = ControlsTest|Any CPU
		{B23D069D-4ED9-4F45-BE07-DA271A2106D4}.ControlsTest|Windows Mobile 6.5.3 Professional DTK (ARMV4I).ActiveCfg = ControlsTest|Any CPU
		{B23D069D-4ED9-4F45-BE07-DA271A2106D4}.Debug (SmartPhone)|Any CPU.ActiveCfg = Debug|Any CPU
		{B23D069D-4ED9-4F45-BE07-DA271A2106D4}.Debug (SmartPhone)|Any CPU.Build.0 = Debug|Any CPU
		{B23D069D-4ED9-4F45-BE07-DA271A2106D4}.Debug (SmartPhone)|Mixed Platforms.ActiveCfg = Debug|Any CPU
		{B23D069D-4ED9-4F45-BE07-DA271A2106D4}.Debug (SmartPhone)|Mixed Platforms.Build.0 = Debug|Any CPU
		{B23D069D-4ED9-4F45-BE07-DA271A2106D4}.Debug (SmartPhone)|Windows Mobile 6.ActiveCfg = Debug|Any CPU
		{B23D069D-4ED9-4F45-BE07-DA271A2106D4}.Debug (SmartPhone)|Windows Mobile 6.5.3 Professional DTK (ARMV4I).ActiveCfg = Debug|Any CPU
		{B23D069D-4ED9-4F45-BE07-DA271A2106D4}.Debug|Any CPU.ActiveCfg = Debug|Any CPU
		{B23D069D-4ED9-4F45-BE07-DA271A2106D4}.Debug|Any CPU.Build.0 = Debug|Any CPU
		{B23D069D-4ED9-4F45-BE07-DA271A2106D4}.Debug|Mixed Platforms.ActiveCfg = Debug|Any CPU
		{B23D069D-4ED9-4F45-BE07-DA271A2106D4}.Debug|Mixed Platforms.Build.0 = Debug|Any CPU
		{B23D069D-4ED9-4F45-BE07-DA271A2106D4}.Debug|Windows Mobile 6.ActiveCfg = Debug|Any CPU
		{B23D069D-4ED9-4F45-BE07-DA271A2106D4}.Debug|Windows Mobile 6.Build.0 = Debug|Any CPU
		{B23D069D-4ED9-4F45-BE07-DA271A2106D4}.Debug|Windows Mobile 6.Deploy.0 = Debug|Any CPU
		{B23D069D-4ED9-4F45-BE07-DA271A2106D4}.Debug|Windows Mobile 6.5.3 Professional DTK (ARMV4I).ActiveCfg = Debug|Any CPU
		{B23D069D-4ED9-4F45-BE07-DA271A2106D4}.Debug|Windows Mobile 6.5.3 Professional DTK (ARMV4I).Build.0 = Debug|Any CPU
		{B23D069D-4ED9-4F45-BE07-DA271A2106D4}.Debug|Windows Mobile 6.5.3 Professional DTK (ARMV4I).Deploy.0 = Debug|Any CPU
		{B23D069D-4ED9-4F45-BE07-DA271A2106D4}.Release|Any CPU.ActiveCfg = Release|Any CPU
		{B23D069D-4ED9-4F45-BE07-DA271A2106D4}.Release|Any CPU.Build.0 = Release|Any CPU
		{B23D069D-4ED9-4F45-BE07-DA271A2106D4}.Release|Mixed Platforms.ActiveCfg = Release|Any CPU
		{B23D069D-4ED9-4F45-BE07-DA271A2106D4}.Release|Mixed Platforms.Build.0 = Release|Any CPU
		{B23D069D-4ED9-4F45-BE07-DA271A2106D4}.Release|Windows Mobile 6.ActiveCfg = Release|Any CPU
		{B23D069D-4ED9-4F45-BE07-DA271A2106D4}.Release|Windows Mobile 6.5.3 Professional DTK (ARMV4I).ActiveCfg = Release|Any CPU
		{B23D069D-4ED9-4F45-BE07-DA271A2106D4}.Release|Windows Mobile 6.5.3 Professional DTK (ARMV4I).Build.0 = Release|Any CPU
		{6EA956FA-6157-44EF-A9B4-FB43B4E18FAD}.ControlsTest|Any CPU.ActiveCfg = ControlsTest|Any CPU
		{6EA956FA-6157-44EF-A9B4-FB43B4E18FAD}.ControlsTest|Any CPU.Build.0 = ControlsTest|Any CPU
		{6EA956FA-6157-44EF-A9B4-FB43B4E18FAD}.ControlsTest|Mixed Platforms.ActiveCfg = ControlsTest|Any CPU
		{6EA956FA-6157-44EF-A9B4-FB43B4E18FAD}.ControlsTest|Mixed Platforms.Build.0 = ControlsTest|Any CPU
		{6EA956FA-6157-44EF-A9B4-FB43B4E18FAD}.ControlsTest|Windows Mobile 6.ActiveCfg = ControlsTest|Any CPU
		{6EA956FA-6157-44EF-A9B4-FB43B4E18FAD}.ControlsTest|Windows Mobile 6.5.3 Professional DTK (ARMV4I).ActiveCfg = ControlsTest|Any CPU
		{6EA956FA-6157-44EF-A9B4-FB43B4E18FAD}.Debug (SmartPhone)|Any CPU.ActiveCfg = Debug|Any CPU
		{6EA956FA-6157-44EF-A9B4-FB43B4E18FAD}.Debug (SmartPhone)|Any CPU.Build.0 = Debug|Any CPU
		{6EA956FA-6157-44EF-A9B4-FB43B4E18FAD}.Debug (SmartPhone)|Mixed Platforms.ActiveCfg = Debug|Any CPU
		{6EA956FA-6157-44EF-A9B4-FB43B4E18FAD}.Debug (SmartPhone)|Mixed Platforms.Build.0 = Debug|Any CPU
		{6EA956FA-6157-44EF-A9B4-FB43B4E18FAD}.Debug (SmartPhone)|Windows Mobile 6.ActiveCfg = Debug|Any CPU
		{6EA956FA-6157-44EF-A9B4-FB43B4E18FAD}.Debug (SmartPhone)|Windows Mobile 6.5.3 Professional DTK (ARMV4I).ActiveCfg = Debug|Any CPU
		{6EA956FA-6157-44EF-A9B4-FB43B4E18FAD}.Debug|Any CPU.ActiveCfg = Debug|Any CPU
		{6EA956FA-6157-44EF-A9B4-FB43B4E18FAD}.Debug|Any CPU.Build.0 = Debug|Any CPU
		{6EA956FA-6157-44EF-A9B4-FB43B4E18FAD}.Debug|Mixed Platforms.ActiveCfg = Debug|Any CPU
		{6EA956FA-6157-44EF-A9B4-FB43B4E18FAD}.Debug|Mixed Platforms.Build.0 = Debug|Any CPU
		{6EA956FA-6157-44EF-A9B4-FB43B4E18FAD}.Debug|Windows Mobile 6.ActiveCfg = Debug|Any CPU
		{6EA956FA-6157-44EF-A9B4-FB43B4E18FAD}.Debug|Windows Mobile 6.Build.0 = Debug|Any CPU
		{6EA956FA-6157-44EF-A9B4-FB43B4E18FAD}.Debug|Windows Mobile 6.Deploy.0 = Debug|Any CPU
		{6EA956FA-6157-44EF-A9B4-FB43B4E18FAD}.Debug|Windows Mobile 6.5.3 Professional DTK (ARMV4I).ActiveCfg = Debug|Any CPU
		{6EA956FA-6157-44EF-A9B4-FB43B4E18FAD}.Debug|Windows Mobile 6.5.3 Professional DTK (ARMV4I).Build.0 = Debug|Any CPU
		{6EA956FA-6157-44EF-A9B4-FB43B4E18FAD}.Debug|Windows Mobile 6.5.3 Professional DTK (ARMV4I).Deploy.0 = Debug|Any CPU
		{6EA956FA-6157-44EF-A9B4-FB43B4E18FAD}.Release|Any CPU.ActiveCfg = Release|Any CPU
		{6EA956FA-6157-44EF-A9B4-FB43B4E18FAD}.Release|Any CPU.Build.0 = Release|Any CPU
		{6EA956FA-6157-44EF-A9B4-FB43B4E18FAD}.Release|Mixed Platforms.ActiveCfg = Release|Any CPU
		{6EA956FA-6157-44EF-A9B4-FB43B4E18FAD}.Release|Mixed Platforms.Build.0 = Release|Any CPU
		{6EA956FA-6157-44EF-A9B4-FB43B4E18FAD}.Release|Windows Mobile 6.ActiveCfg = Release|Any CPU
		{6EA956FA-6157-44EF-A9B4-FB43B4E18FAD}.Release|Windows Mobile 6.5.3 Professional DTK (ARMV4I).ActiveCfg = Release|Any CPU
		{6EA956FA-6157-44EF-A9B4-FB43B4E18FAD}.Release|Windows Mobile 6.5.3 Professional DTK (ARMV4I).Build.0 = Release|Any CPU
		{058BEB2E-C6A2-4B37-A734-6E3EDBFF8A5A}.ControlsTest|Any CPU.ActiveCfg = ControlsTest|Any CPU
		{058BEB2E-C6A2-4B37-A734-6E3EDBFF8A5A}.ControlsTest|Any CPU.Build.0 = ControlsTest|Any CPU
		{058BEB2E-C6A2-4B37-A734-6E3EDBFF8A5A}.ControlsTest|Mixed Platforms.ActiveCfg = ControlsTest|Any CPU
		{058BEB2E-C6A2-4B37-A734-6E3EDBFF8A5A}.ControlsTest|Mixed Platforms.Build.0 = ControlsTest|Any CPU
		{058BEB2E-C6A2-4B37-A734-6E3EDBFF8A5A}.ControlsTest|Windows Mobile 6.ActiveCfg = ControlsTest|Any CPU
		{058BEB2E-C6A2-4B37-A734-6E3EDBFF8A5A}.ControlsTest|Windows Mobile 6.5.3 Professional DTK (ARMV4I).ActiveCfg = ControlsTest|Any CPU
		{058BEB2E-C6A2-4B37-A734-6E3EDBFF8A5A}.Debug (SmartPhone)|Any CPU.ActiveCfg = Debug|Any CPU
		{058BEB2E-C6A2-4B37-A734-6E3EDBFF8A5A}.Debug (SmartPhone)|Any CPU.Build.0 = Debug|Any CPU
		{058BEB2E-C6A2-4B37-A734-6E3EDBFF8A5A}.Debug (SmartPhone)|Mixed Platforms.ActiveCfg = Debug|Any CPU
		{058BEB2E-C6A2-4B37-A734-6E3EDBFF8A5A}.Debug (SmartPhone)|Mixed Platforms.Build.0 = Debug|Any CPU
		{058BEB2E-C6A2-4B37-A734-6E3EDBFF8A5A}.Debug (SmartPhone)|Windows Mobile 6.ActiveCfg = Debug|Any CPU
		{058BEB2E-C6A2-4B37-A734-6E3EDBFF8A5A}.Debug (SmartPhone)|Windows Mobile 6.5.3 Professional DTK (ARMV4I).ActiveCfg = Debug|Any CPU
		{058BEB2E-C6A2-4B37-A734-6E3EDBFF8A5A}.Debug|Any CPU.ActiveCfg = Debug|Any CPU
		{058BEB2E-C6A2-4B37-A734-6E3EDBFF8A5A}.Debug|Any CPU.Build.0 = Debug|Any CPU
		{058BEB2E-C6A2-4B37-A734-6E3EDBFF8A5A}.Debug|Mixed Platforms.ActiveCfg = Debug|Any CPU
		{058BEB2E-C6A2-4B37-A734-6E3EDBFF8A5A}.Debug|Mixed Platforms.Build.0 = Debug|Any CPU
		{058BEB2E-C6A2-4B37-A734-6E3EDBFF8A5A}.Debug|Windows Mobile 6.ActiveCfg = Debug|Any CPU
		{058BEB2E-C6A2-4B37-A734-6E3EDBFF8A5A}.Debug|Windows Mobile 6.Build.0 = Debug|Any CPU
		{058BEB2E-C6A2-4B37-A734-6E3EDBFF8A5A}.Debug|Windows Mobile 6.Deploy.0 = Debug|Any CPU
		{058BEB2E-C6A2-4B37-A734-6E3EDBFF8A5A}.Debug|Windows Mobile 6.5.3 Professional DTK (ARMV4I).ActiveCfg = Debug|Any CPU
		{058BEB2E-C6A2-4B37-A734-6E3EDBFF8A5A}.Debug|Windows Mobile 6.5.3 Professional DTK (ARMV4I).Build.0 = Debug|Any CPU
		{058BEB2E-C6A2-4B37-A734-6E3EDBFF8A5A}.Debug|Windows Mobile 6.5.3 Professional DTK (ARMV4I).Deploy.0 = Debug|Any CPU
		{058BEB2E-C6A2-4B37-A734-6E3EDBFF8A5A}.Release|Any CPU.ActiveCfg = Release|Any CPU
		{058BEB2E-C6A2-4B37-A734-6E3EDBFF8A5A}.Release|Any CPU.Build.0 = Release|Any CPU
		{058BEB2E-C6A2-4B37-A734-6E3EDBFF8A5A}.Release|Mixed Platforms.ActiveCfg = Release|Any CPU
		{058BEB2E-C6A2-4B37-A734-6E3EDBFF8A5A}.Release|Mixed Platforms.Build.0 = Release|Any CPU
		{058BEB2E-C6A2-4B37-A734-6E3EDBFF8A5A}.Release|Windows Mobile 6.ActiveCfg = Release|Any CPU
		{058BEB2E-C6A2-4B37-A734-6E3EDBFF8A5A}.Release|Windows Mobile 6.5.3 Professional DTK (ARMV4I).ActiveCfg = Release|Any CPU
		{058BEB2E-C6A2-4B37-A734-6E3EDBFF8A5A}.Release|Windows Mobile 6.5.3 Professional DTK (ARMV4I).Build.0 = Release|Any CPU
		{A6BFA5B1-E501-4588-BCF0-F07356F120E3}.ControlsTest|Any CPU.ActiveCfg = ControlsTest|Any CPU
		{A6BFA5B1-E501-4588-BCF0-F07356F120E3}.ControlsTest|Any CPU.Build.0 = ControlsTest|Any CPU
		{A6BFA5B1-E501-4588-BCF0-F07356F120E3}.ControlsTest|Mixed Platforms.ActiveCfg = ControlsTest|Any CPU
		{A6BFA5B1-E501-4588-BCF0-F07356F120E3}.ControlsTest|Mixed Platforms.Build.0 = ControlsTest|Any CPU
		{A6BFA5B1-E501-4588-BCF0-F07356F120E3}.ControlsTest|Windows Mobile 6.ActiveCfg = ControlsTest|Any CPU
		{A6BFA5B1-E501-4588-BCF0-F07356F120E3}.ControlsTest|Windows Mobile 6.5.3 Professional DTK (ARMV4I).ActiveCfg = ControlsTest|Any CPU
		{A6BFA5B1-E501-4588-BCF0-F07356F120E3}.ControlsTest|Windows Mobile 6.5.3 Professional DTK (ARMV4I).Build.0 = ControlsTest|Any CPU
		{A6BFA5B1-E501-4588-BCF0-F07356F120E3}.ControlsTest|Windows Mobile 6.5.3 Professional DTK (ARMV4I).Deploy.0 = ControlsTest|Any CPU
		{A6BFA5B1-E501-4588-BCF0-F07356F120E3}.Debug (SmartPhone)|Any CPU.ActiveCfg = Debug|Any CPU
		{A6BFA5B1-E501-4588-BCF0-F07356F120E3}.Debug (SmartPhone)|Any CPU.Build.0 = Debug|Any CPU
		{A6BFA5B1-E501-4588-BCF0-F07356F120E3}.Debug (SmartPhone)|Mixed Platforms.ActiveCfg = Debug|Any CPU
		{A6BFA5B1-E501-4588-BCF0-F07356F120E3}.Debug (SmartPhone)|Mixed Platforms.Build.0 = Debug|Any CPU
		{A6BFA5B1-E501-4588-BCF0-F07356F120E3}.Debug (SmartPhone)|Windows Mobile 6.ActiveCfg = Debug|Any CPU
		{A6BFA5B1-E501-4588-BCF0-F07356F120E3}.Debug (SmartPhone)|Windows Mobile 6.5.3 Professional DTK (ARMV4I).ActiveCfg = Debug|Any CPU
		{A6BFA5B1-E501-4588-BCF0-F07356F120E3}.Debug|Any CPU.ActiveCfg = Debug|Any CPU
		{A6BFA5B1-E501-4588-BCF0-F07356F120E3}.Debug|Any CPU.Build.0 = Debug|Any CPU
		{A6BFA5B1-E501-4588-BCF0-F07356F120E3}.Debug|Mixed Platforms.ActiveCfg = Debug|Any CPU
		{A6BFA5B1-E501-4588-BCF0-F07356F120E3}.Debug|Mixed Platforms.Build.0 = Debug|Any CPU
		{A6BFA5B1-E501-4588-BCF0-F07356F120E3}.Debug|Windows Mobile 6.ActiveCfg = Debug|Any CPU
		{A6BFA5B1-E501-4588-BCF0-F07356F120E3}.Debug|Windows Mobile 6.Build.0 = Debug|Any CPU
		{A6BFA5B1-E501-4588-BCF0-F07356F120E3}.Debug|Windows Mobile 6.Deploy.0 = Debug|Any CPU
		{A6BFA5B1-E501-4588-BCF0-F07356F120E3}.Debug|Windows Mobile 6.5.3 Professional DTK (ARMV4I).ActiveCfg = Debug|Any CPU
		{A6BFA5B1-E501-4588-BCF0-F07356F120E3}.Debug|Windows Mobile 6.5.3 Professional DTK (ARMV4I).Build.0 = Debug|Any CPU
		{A6BFA5B1-E501-4588-BCF0-F07356F120E3}.Debug|Windows Mobile 6.5.3 Professional DTK (ARMV4I).Deploy.0 = Debug|Any CPU
		{A6BFA5B1-E501-4588-BCF0-F07356F120E3}.Release|Any CPU.ActiveCfg = Release|Any CPU
		{A6BFA5B1-E501-4588-BCF0-F07356F120E3}.Release|Any CPU.Build.0 = Release|Any CPU
		{A6BFA5B1-E501-4588-BCF0-F07356F120E3}.Release|Mixed Platforms.ActiveCfg = Release|Any CPU
		{A6BFA5B1-E501-4588-BCF0-F07356F120E3}.Release|Mixed Platforms.Build.0 = Release|Any CPU
		{A6BFA5B1-E501-4588-BCF0-F07356F120E3}.Release|Windows Mobile 6.ActiveCfg = Release|Any CPU
		{A6BFA5B1-E501-4588-BCF0-F07356F120E3}.Release|Windows Mobile 6.5.3 Professional DTK (ARMV4I).ActiveCfg = Release|Any CPU
		{A6BFA5B1-E501-4588-BCF0-F07356F120E3}.Release|Windows Mobile 6.5.3 Professional DTK (ARMV4I).Build.0 = Release|Any CPU
		{18D428A8-6722-4A69-B39D-F652AFA34D90}.ControlsTest|Any CPU.ActiveCfg = ControlsTest|Any CPU
		{18D428A8-6722-4A69-B39D-F652AFA34D90}.ControlsTest|Any CPU.Build.0 = ControlsTest|Any CPU
		{18D428A8-6722-4A69-B39D-F652AFA34D90}.ControlsTest|Mixed Platforms.ActiveCfg = ControlsTest|Any CPU
		{18D428A8-6722-4A69-B39D-F652AFA34D90}.ControlsTest|Mixed Platforms.Build.0 = ControlsTest|Any CPU
		{18D428A8-6722-4A69-B39D-F652AFA34D90}.ControlsTest|Windows Mobile 6.ActiveCfg = ControlsTest|Any CPU
		{18D428A8-6722-4A69-B39D-F652AFA34D90}.ControlsTest|Windows Mobile 6.5.3 Professional DTK (ARMV4I).ActiveCfg = ControlsTest|Any CPU
		{18D428A8-6722-4A69-B39D-F652AFA34D90}.ControlsTest|Windows Mobile 6.5.3 Professional DTK (ARMV4I).Build.0 = ControlsTest|Any CPU
		{18D428A8-6722-4A69-B39D-F652AFA34D90}.ControlsTest|Windows Mobile 6.5.3 Professional DTK (ARMV4I).Deploy.0 = ControlsTest|Any CPU
		{18D428A8-6722-4A69-B39D-F652AFA34D90}.Debug (SmartPhone)|Any CPU.ActiveCfg = Debug|Any CPU
		{18D428A8-6722-4A69-B39D-F652AFA34D90}.Debug (SmartPhone)|Any CPU.Build.0 = Debug|Any CPU
		{18D428A8-6722-4A69-B39D-F652AFA34D90}.Debug (SmartPhone)|Mixed Platforms.ActiveCfg = Debug|Any CPU
		{18D428A8-6722-4A69-B39D-F652AFA34D90}.Debug (SmartPhone)|Mixed Platforms.Build.0 = Debug|Any CPU
		{18D428A8-6722-4A69-B39D-F652AFA34D90}.Debug (SmartPhone)|Windows Mobile 6.ActiveCfg = Debug|Any CPU
		{18D428A8-6722-4A69-B39D-F652AFA34D90}.Debug (SmartPhone)|Windows Mobile 6.5.3 Professional DTK (ARMV4I).ActiveCfg = Debug|Any CPU
		{18D428A8-6722-4A69-B39D-F652AFA34D90}.Debug|Any CPU.ActiveCfg = Debug|Any CPU
		{18D428A8-6722-4A69-B39D-F652AFA34D90}.Debug|Any CPU.Build.0 = Debug|Any CPU
		{18D428A8-6722-4A69-B39D-F652AFA34D90}.Debug|Mixed Platforms.ActiveCfg = Debug|Any CPU
		{18D428A8-6722-4A69-B39D-F652AFA34D90}.Debug|Mixed Platforms.Build.0 = Debug|Any CPU
		{18D428A8-6722-4A69-B39D-F652AFA34D90}.Debug|Windows Mobile 6.ActiveCfg = Debug|Any CPU
		{18D428A8-6722-4A69-B39D-F652AFA34D90}.Debug|Windows Mobile 6.Build.0 = Debug|Any CPU
		{18D428A8-6722-4A69-B39D-F652AFA34D90}.Debug|Windows Mobile 6.Deploy.0 = Debug|Any CPU
		{18D428A8-6722-4A69-B39D-F652AFA34D90}.Debug|Windows Mobile 6.5.3 Professional DTK (ARMV4I).ActiveCfg = Debug|Any CPU
		{18D428A8-6722-4A69-B39D-F652AFA34D90}.Debug|Windows Mobile 6.5.3 Professional DTK (ARMV4I).Build.0 = Debug|Any CPU
		{18D428A8-6722-4A69-B39D-F652AFA34D90}.Debug|Windows Mobile 6.5.3 Professional DTK (ARMV4I).Deploy.0 = Debug|Any CPU
		{18D428A8-6722-4A69-B39D-F652AFA34D90}.Release|Any CPU.ActiveCfg = Release|Any CPU
		{18D428A8-6722-4A69-B39D-F652AFA34D90}.Release|Any CPU.Build.0 = Release|Any CPU
		{18D428A8-6722-4A69-B39D-F652AFA34D90}.Release|Mixed Platforms.ActiveCfg = Release|Any CPU
		{18D428A8-6722-4A69-B39D-F652AFA34D90}.Release|Mixed Platforms.Build.0 = Release|Any CPU
		{18D428A8-6722-4A69-B39D-F652AFA34D90}.Release|Windows Mobile 6.ActiveCfg = Release|Any CPU
		{18D428A8-6722-4A69-B39D-F652AFA34D90}.Release|Windows Mobile 6.5.3 Professional DTK (ARMV4I).ActiveCfg = Release|Any CPU
		{18D428A8-6722-4A69-B39D-F652AFA34D90}.Release|Windows Mobile 6.5.3 Professional DTK (ARMV4I).Build.0 = Release|Any CPU
		{6A342D7F-A61B-4835-A4BE-B0679AAD6D72}.ControlsTest|Any CPU.ActiveCfg = ControlsTest
		{6A342D7F-A61B-4835-A4BE-B0679AAD6D72}.ControlsTest|Any CPU.Build.0 = ControlsTest
		{6A342D7F-A61B-4835-A4BE-B0679AAD6D72}.ControlsTest|Mixed Platforms.ActiveCfg = ControlsTest
		{6A342D7F-A61B-4835-A4BE-B0679AAD6D72}.ControlsTest|Mixed Platforms.Build.0 = ControlsTest
		{6A342D7F-A61B-4835-A4BE-B0679AAD6D72}.ControlsTest|Windows Mobile 6.ActiveCfg = ControlsTest
		{6A342D7F-A61B-4835-A4BE-B0679AAD6D72}.ControlsTest|Windows Mobile 6.Build.0 = ControlsTest
		{6A342D7F-A61B-4835-A4BE-B0679AAD6D72}.ControlsTest|Windows Mobile 6.5.3 Professional DTK (ARMV4I).ActiveCfg = ControlsTest
		{6A342D7F-A61B-4835-A4BE-B0679AAD6D72}.Debug (SmartPhone)|Any CPU.ActiveCfg = Debug
		{6A342D7F-A61B-4835-A4BE-B0679AAD6D72}.Debug (SmartPhone)|Any CPU.Build.0 = Debug
		{6A342D7F-A61B-4835-A4BE-B0679AAD6D72}.Debug (SmartPhone)|Mixed Platforms.ActiveCfg = Debug
		{6A342D7F-A61B-4835-A4BE-B0679AAD6D72}.Debug (SmartPhone)|Mixed Platforms.Build.0 = Debug
		{6A342D7F-A61B-4835-A4BE-B0679AAD6D72}.Debug (SmartPhone)|Windows Mobile 6.ActiveCfg = Debug
		{6A342D7F-A61B-4835-A4BE-B0679AAD6D72}.Debug (SmartPhone)|Windows Mobile 6.Build.0 = Debug
		{6A342D7F-A61B-4835-A4BE-B0679AAD6D72}.Debug (SmartPhone)|Windows Mobile 6.5.3 Professional DTK (ARMV4I).ActiveCfg = Debug
		{6A342D7F-A61B-4835-A4BE-B0679AAD6D72}.Debug (SmartPhone)|Windows Mobile 6.5.3 Professional DTK (ARMV4I).Build.0 = Debug
		{6A342D7F-A61B-4835-A4BE-B0679AAD6D72}.Debug|Any CPU.ActiveCfg = Debug
		{6A342D7F-A61B-4835-A4BE-B0679AAD6D72}.Debug|Mixed Platforms.ActiveCfg = Debug
		{6A342D7F-A61B-4835-A4BE-B0679AAD6D72}.Debug|Windows Mobile 6.ActiveCfg = Debug
		{6A342D7F-A61B-4835-A4BE-B0679AAD6D72}.Debug|Windows Mobile 6.5.3 Professional DTK (ARMV4I).ActiveCfg = Debug
		{6A342D7F-A61B-4835-A4BE-B0679AAD6D72}.Release|Any CPU.ActiveCfg = Release
		{6A342D7F-A61B-4835-A4BE-B0679AAD6D72}.Release|Mixed Platforms.ActiveCfg = Release
		{6A342D7F-A61B-4835-A4BE-B0679AAD6D72}.Release|Windows Mobile 6.ActiveCfg = Release
		{6A342D7F-A61B-4835-A4BE-B0679AAD6D72}.Release|Windows Mobile 6.5.3 Professional DTK (ARMV4I).ActiveCfg = Release
		{6A342D7F-A61B-4835-A4BE-B0679AAD6D72}.Release|Windows Mobile 6.5.3 Professional DTK (ARMV4I).Build.0 = Release
		{C0BBBE1D-433E-4468-B401-647FC0578320}.ControlsTest|Any CPU.ActiveCfg = ControlsTest|Any CPU
		{C0BBBE1D-433E-4468-B401-647FC0578320}.ControlsTest|Any CPU.Build.0 = ControlsTest|Any CPU
		{C0BBBE1D-433E-4468-B401-647FC0578320}.ControlsTest|Mixed Platforms.ActiveCfg = ControlsTest|Any CPU
		{C0BBBE1D-433E-4468-B401-647FC0578320}.ControlsTest|Mixed Platforms.Build.0 = ControlsTest|Any CPU
		{C0BBBE1D-433E-4468-B401-647FC0578320}.ControlsTest|Windows Mobile 6.ActiveCfg = ControlsTest|Any CPU
		{C0BBBE1D-433E-4468-B401-647FC0578320}.ControlsTest|Windows Mobile 6.5.3 Professional DTK (ARMV4I).ActiveCfg = ControlsTest|Any CPU
		{C0BBBE1D-433E-4468-B401-647FC0578320}.Debug (SmartPhone)|Any CPU.ActiveCfg = Debug|Any CPU
		{C0BBBE1D-433E-4468-B401-647FC0578320}.Debug (SmartPhone)|Any CPU.Build.0 = Debug|Any CPU
		{C0BBBE1D-433E-4468-B401-647FC0578320}.Debug (SmartPhone)|Mixed Platforms.ActiveCfg = Debug|Any CPU
		{C0BBBE1D-433E-4468-B401-647FC0578320}.Debug (SmartPhone)|Mixed Platforms.Build.0 = Debug|Any CPU
		{C0BBBE1D-433E-4468-B401-647FC0578320}.Debug (SmartPhone)|Windows Mobile 6.ActiveCfg = Debug|Any CPU
		{C0BBBE1D-433E-4468-B401-647FC0578320}.Debug (SmartPhone)|Windows Mobile 6.5.3 Professional DTK (ARMV4I).ActiveCfg = Debug|Any CPU
		{C0BBBE1D-433E-4468-B401-647FC0578320}.Debug|Any CPU.ActiveCfg = Debug|Any CPU
		{C0BBBE1D-433E-4468-B401-647FC0578320}.Debug|Any CPU.Build.0 = Debug|Any CPU
		{C0BBBE1D-433E-4468-B401-647FC0578320}.Debug|Mixed Platforms.ActiveCfg = Debug|Any CPU
		{C0BBBE1D-433E-4468-B401-647FC0578320}.Debug|Mixed Platforms.Build.0 = Debug|Any CPU
		{C0BBBE1D-433E-4468-B401-647FC0578320}.Debug|Windows Mobile 6.ActiveCfg = Debug|Any CPU
		{C0BBBE1D-433E-4468-B401-647FC0578320}.Debug|Windows Mobile 6.Build.0 = Debug|Any CPU
		{C0BBBE1D-433E-4468-B401-647FC0578320}.Debug|Windows Mobile 6.Deploy.0 = Debug|Any CPU
		{C0BBBE1D-433E-4468-B401-647FC0578320}.Debug|Windows Mobile 6.5.3 Professional DTK (ARMV4I).ActiveCfg = Debug|Any CPU
		{C0BBBE1D-433E-4468-B401-647FC0578320}.Debug|Windows Mobile 6.5.3 Professional DTK (ARMV4I).Build.0 = Debug|Any CPU
		{C0BBBE1D-433E-4468-B401-647FC0578320}.Debug|Windows Mobile 6.5.3 Professional DTK (ARMV4I).Deploy.0 = Debug|Any CPU
		{C0BBBE1D-433E-4468-B401-647FC0578320}.Release|Any CPU.ActiveCfg = Release|Any CPU
		{C0BBBE1D-433E-4468-B401-647FC0578320}.Release|Any CPU.Build.0 = Release|Any CPU
		{C0BBBE1D-433E-4468-B401-647FC0578320}.Release|Mixed Platforms.ActiveCfg = Release|Any CPU
		{C0BBBE1D-433E-4468-B401-647FC0578320}.Release|Mixed Platforms.Build.0 = Release|Any CPU
		{C0BBBE1D-433E-4468-B401-647FC0578320}.Release|Windows Mobile 6.ActiveCfg = Release|Any CPU
		{C0BBBE1D-433E-4468-B401-647FC0578320}.Release|Windows Mobile 6.5.3 Professional DTK (ARMV4I).ActiveCfg = Release|Any CPU
		{C0BBBE1D-433E-4468-B401-647FC0578320}.Release|Windows Mobile 6.5.3 Professional DTK (ARMV4I).Build.0 = Release|Any CPU
		{8526293A-9C66-48F6-A90D-FB2B7128BF08}.ControlsTest|Any CPU.ActiveCfg = ControlsTest|Any CPU
		{8526293A-9C66-48F6-A90D-FB2B7128BF08}.ControlsTest|Any CPU.Build.0 = ControlsTest|Any CPU
		{8526293A-9C66-48F6-A90D-FB2B7128BF08}.ControlsTest|Mixed Platforms.ActiveCfg = ControlsTest|Any CPU
		{8526293A-9C66-48F6-A90D-FB2B7128BF08}.ControlsTest|Mixed Platforms.Build.0 = ControlsTest|Any CPU
		{8526293A-9C66-48F6-A90D-FB2B7128BF08}.ControlsTest|Windows Mobile 6.ActiveCfg = ControlsTest|Any CPU
		{8526293A-9C66-48F6-A90D-FB2B7128BF08}.ControlsTest|Windows Mobile 6.5.3 Professional DTK (ARMV4I).ActiveCfg = ControlsTest|Any CPU
		{8526293A-9C66-48F6-A90D-FB2B7128BF08}.ControlsTest|Windows Mobile 6.5.3 Professional DTK (ARMV4I).Build.0 = ControlsTest|Any CPU
		{8526293A-9C66-48F6-A90D-FB2B7128BF08}.ControlsTest|Windows Mobile 6.5.3 Professional DTK (ARMV4I).Deploy.0 = ControlsTest|Any CPU
		{8526293A-9C66-48F6-A90D-FB2B7128BF08}.Debug (SmartPhone)|Any CPU.ActiveCfg = Debug|Any CPU
		{8526293A-9C66-48F6-A90D-FB2B7128BF08}.Debug (SmartPhone)|Any CPU.Build.0 = Debug|Any CPU
		{8526293A-9C66-48F6-A90D-FB2B7128BF08}.Debug (SmartPhone)|Mixed Platforms.ActiveCfg = Debug|Any CPU
		{8526293A-9C66-48F6-A90D-FB2B7128BF08}.Debug (SmartPhone)|Mixed Platforms.Build.0 = Debug|Any CPU
		{8526293A-9C66-48F6-A90D-FB2B7128BF08}.Debug (SmartPhone)|Windows Mobile 6.ActiveCfg = Debug|Any CPU
		{8526293A-9C66-48F6-A90D-FB2B7128BF08}.Debug (SmartPhone)|Windows Mobile 6.5.3 Professional DTK (ARMV4I).ActiveCfg = Debug|Any CPU
		{8526293A-9C66-48F6-A90D-FB2B7128BF08}.Debug|Any CPU.ActiveCfg = Debug|Any CPU
		{8526293A-9C66-48F6-A90D-FB2B7128BF08}.Debug|Any CPU.Build.0 = Debug|Any CPU
		{8526293A-9C66-48F6-A90D-FB2B7128BF08}.Debug|Mixed Platforms.ActiveCfg = Debug|Any CPU
		{8526293A-9C66-48F6-A90D-FB2B7128BF08}.Debug|Mixed Platforms.Build.0 = Debug|Any CPU
		{8526293A-9C66-48F6-A90D-FB2B7128BF08}.Debug|Windows Mobile 6.ActiveCfg = Debug|Any CPU
		{8526293A-9C66-48F6-A90D-FB2B7128BF08}.Debug|Windows Mobile 6.Build.0 = Debug|Any CPU
		{8526293A-9C66-48F6-A90D-FB2B7128BF08}.Debug|Windows Mobile 6.Deploy.0 = Debug|Any CPU
		{8526293A-9C66-48F6-A90D-FB2B7128BF08}.Debug|Windows Mobile 6.5.3 Professional DTK (ARMV4I).ActiveCfg = Debug|Any CPU
		{8526293A-9C66-48F6-A90D-FB2B7128BF08}.Debug|Windows Mobile 6.5.3 Professional DTK (ARMV4I).Build.0 = Debug|Any CPU
		{8526293A-9C66-48F6-A90D-FB2B7128BF08}.Debug|Windows Mobile 6.5.3 Professional DTK (ARMV4I).Deploy.0 = Debug|Any CPU
		{8526293A-9C66-48F6-A90D-FB2B7128BF08}.Release|Any CPU.ActiveCfg = Release|Any CPU
		{8526293A-9C66-48F6-A90D-FB2B7128BF08}.Release|Any CPU.Build.0 = Release|Any CPU
		{8526293A-9C66-48F6-A90D-FB2B7128BF08}.Release|Mixed Platforms.ActiveCfg = Release|Any CPU
		{8526293A-9C66-48F6-A90D-FB2B7128BF08}.Release|Mixed Platforms.Build.0 = Release|Any CPU
		{8526293A-9C66-48F6-A90D-FB2B7128BF08}.Release|Windows Mobile 6.ActiveCfg = Release|Any CPU
		{8526293A-9C66-48F6-A90D-FB2B7128BF08}.Release|Windows Mobile 6.5.3 Professional DTK (ARMV4I).ActiveCfg = Release|Any CPU
		{8526293A-9C66-48F6-A90D-FB2B7128BF08}.Release|Windows Mobile 6.5.3 Professional DTK (ARMV4I).Build.0 = Release|Any CPU
		{A0D38398-7B6A-45D8-B2C7-19120FEA68FC}.ControlsTest|Any CPU.ActiveCfg = ControlsTest|Any CPU
		{A0D38398-7B6A-45D8-B2C7-19120FEA68FC}.ControlsTest|Any CPU.Build.0 = ControlsTest|Any CPU
		{A0D38398-7B6A-45D8-B2C7-19120FEA68FC}.ControlsTest|Mixed Platforms.ActiveCfg = ControlsTest|Any CPU
		{A0D38398-7B6A-45D8-B2C7-19120FEA68FC}.ControlsTest|Mixed Platforms.Build.0 = ControlsTest|Any CPU
		{A0D38398-7B6A-45D8-B2C7-19120FEA68FC}.ControlsTest|Windows Mobile 6.ActiveCfg = ControlsTest|Any CPU
		{A0D38398-7B6A-45D8-B2C7-19120FEA68FC}.ControlsTest|Windows Mobile 6.5.3 Professional DTK (ARMV4I).ActiveCfg = ControlsTest|Any CPU
		{A0D38398-7B6A-45D8-B2C7-19120FEA68FC}.ControlsTest|Windows Mobile 6.5.3 Professional DTK (ARMV4I).Build.0 = ControlsTest|Any CPU
		{A0D38398-7B6A-45D8-B2C7-19120FEA68FC}.ControlsTest|Windows Mobile 6.5.3 Professional DTK (ARMV4I).Deploy.0 = ControlsTest|Any CPU
		{A0D38398-7B6A-45D8-B2C7-19120FEA68FC}.Debug (SmartPhone)|Any CPU.ActiveCfg = Debug|Any CPU
		{A0D38398-7B6A-45D8-B2C7-19120FEA68FC}.Debug (SmartPhone)|Any CPU.Build.0 = Debug|Any CPU
		{A0D38398-7B6A-45D8-B2C7-19120FEA68FC}.Debug (SmartPhone)|Mixed Platforms.ActiveCfg = Debug|Any CPU
		{A0D38398-7B6A-45D8-B2C7-19120FEA68FC}.Debug (SmartPhone)|Mixed Platforms.Build.0 = Debug|Any CPU
		{A0D38398-7B6A-45D8-B2C7-19120FEA68FC}.Debug (SmartPhone)|Windows Mobile 6.ActiveCfg = Debug|Any CPU
		{A0D38398-7B6A-45D8-B2C7-19120FEA68FC}.Debug (SmartPhone)|Windows Mobile 6.5.3 Professional DTK (ARMV4I).ActiveCfg = Debug|Any CPU
		{A0D38398-7B6A-45D8-B2C7-19120FEA68FC}.Debug|Any CPU.ActiveCfg = Debug|Any CPU
		{A0D38398-7B6A-45D8-B2C7-19120FEA68FC}.Debug|Any CPU.Build.0 = Debug|Any CPU
		{A0D38398-7B6A-45D8-B2C7-19120FEA68FC}.Debug|Mixed Platforms.ActiveCfg = Debug|Any CPU
		{A0D38398-7B6A-45D8-B2C7-19120FEA68FC}.Debug|Mixed Platforms.Build.0 = Debug|Any CPU
		{A0D38398-7B6A-45D8-B2C7-19120FEA68FC}.Debug|Windows Mobile 6.ActiveCfg = Debug|Any CPU
		{A0D38398-7B6A-45D8-B2C7-19120FEA68FC}.Debug|Windows Mobile 6.Build.0 = Debug|Any CPU
		{A0D38398-7B6A-45D8-B2C7-19120FEA68FC}.Debug|Windows Mobile 6.Deploy.0 = Debug|Any CPU
		{A0D38398-7B6A-45D8-B2C7-19120FEA68FC}.Debug|Windows Mobile 6.5.3 Professional DTK (ARMV4I).ActiveCfg = Debug|Any CPU
		{A0D38398-7B6A-45D8-B2C7-19120FEA68FC}.Debug|Windows Mobile 6.5.3 Professional DTK (ARMV4I).Build.0 = Debug|Any CPU
		{A0D38398-7B6A-45D8-B2C7-19120FEA68FC}.Debug|Windows Mobile 6.5.3 Professional DTK (ARMV4I).Deploy.0 = Debug|Any CPU
		{A0D38398-7B6A-45D8-B2C7-19120FEA68FC}.Release|Any CPU.ActiveCfg = Release|Any CPU
		{A0D38398-7B6A-45D8-B2C7-19120FEA68FC}.Release|Any CPU.Build.0 = Release|Any CPU
		{A0D38398-7B6A-45D8-B2C7-19120FEA68FC}.Release|Mixed Platforms.ActiveCfg = Release|Any CPU
		{A0D38398-7B6A-45D8-B2C7-19120FEA68FC}.Release|Mixed Platforms.Build.0 = Release|Any CPU
		{A0D38398-7B6A-45D8-B2C7-19120FEA68FC}.Release|Windows Mobile 6.ActiveCfg = Release|Any CPU
		{A0D38398-7B6A-45D8-B2C7-19120FEA68FC}.Release|Windows Mobile 6.5.3 Professional DTK (ARMV4I).ActiveCfg = Release|Any CPU
		{A0D38398-7B6A-45D8-B2C7-19120FEA68FC}.Release|Windows Mobile 6.5.3 Professional DTK (ARMV4I).Build.0 = Release|Any CPU
		{C0A7071D-9211-44ED-9DEF-47BD94C51BA2}.ControlsTest|Any CPU.ActiveCfg = ControlsTest|Any CPU
		{C0A7071D-9211-44ED-9DEF-47BD94C51BA2}.ControlsTest|Any CPU.Build.0 = ControlsTest|Any CPU
		{C0A7071D-9211-44ED-9DEF-47BD94C51BA2}.ControlsTest|Mixed Platforms.ActiveCfg = ControlsTest|Any CPU
		{C0A7071D-9211-44ED-9DEF-47BD94C51BA2}.ControlsTest|Mixed Platforms.Build.0 = ControlsTest|Any CPU
		{C0A7071D-9211-44ED-9DEF-47BD94C51BA2}.ControlsTest|Windows Mobile 6.ActiveCfg = ControlsTest|Any CPU
		{C0A7071D-9211-44ED-9DEF-47BD94C51BA2}.ControlsTest|Windows Mobile 6.5.3 Professional DTK (ARMV4I).ActiveCfg = ControlsTest|Any CPU
		{C0A7071D-9211-44ED-9DEF-47BD94C51BA2}.Debug (SmartPhone)|Any CPU.ActiveCfg = Debug|Any CPU
		{C0A7071D-9211-44ED-9DEF-47BD94C51BA2}.Debug (SmartPhone)|Any CPU.Build.0 = Debug|Any CPU
		{C0A7071D-9211-44ED-9DEF-47BD94C51BA2}.Debug (SmartPhone)|Mixed Platforms.ActiveCfg = Debug|Any CPU
		{C0A7071D-9211-44ED-9DEF-47BD94C51BA2}.Debug (SmartPhone)|Mixed Platforms.Build.0 = Debug|Any CPU
		{C0A7071D-9211-44ED-9DEF-47BD94C51BA2}.Debug (SmartPhone)|Windows Mobile 6.ActiveCfg = Debug|Any CPU
		{C0A7071D-9211-44ED-9DEF-47BD94C51BA2}.Debug (SmartPhone)|Windows Mobile 6.5.3 Professional DTK (ARMV4I).ActiveCfg = Debug|Any CPU
		{C0A7071D-9211-44ED-9DEF-47BD94C51BA2}.Debug|Any CPU.ActiveCfg = Debug|Any CPU
		{C0A7071D-9211-44ED-9DEF-47BD94C51BA2}.Debug|Any CPU.Build.0 = Debug|Any CPU
		{C0A7071D-9211-44ED-9DEF-47BD94C51BA2}.Debug|Mixed Platforms.ActiveCfg = Debug|Any CPU
		{C0A7071D-9211-44ED-9DEF-47BD94C51BA2}.Debug|Mixed Platforms.Build.0 = Debug|Any CPU
		{C0A7071D-9211-44ED-9DEF-47BD94C51BA2}.Debug|Windows Mobile 6.ActiveCfg = Debug|Any CPU
		{C0A7071D-9211-44ED-9DEF-47BD94C51BA2}.Debug|Windows Mobile 6.Build.0 = Debug|Any CPU
		{C0A7071D-9211-44ED-9DEF-47BD94C51BA2}.Debug|Windows Mobile 6.Deploy.0 = Debug|Any CPU
		{C0A7071D-9211-44ED-9DEF-47BD94C51BA2}.Debug|Windows Mobile 6.5.3 Professional DTK (ARMV4I).ActiveCfg = Debug|Any CPU
		{C0A7071D-9211-44ED-9DEF-47BD94C51BA2}.Debug|Windows Mobile 6.5.3 Professional DTK (ARMV4I).Build.0 = Debug|Any CPU
		{C0A7071D-9211-44ED-9DEF-47BD94C51BA2}.Debug|Windows Mobile 6.5.3 Professional DTK (ARMV4I).Deploy.0 = Debug|Any CPU
		{C0A7071D-9211-44ED-9DEF-47BD94C51BA2}.Release|Any CPU.ActiveCfg = Release|Any CPU
		{C0A7071D-9211-44ED-9DEF-47BD94C51BA2}.Release|Any CPU.Build.0 = Release|Any CPU
		{C0A7071D-9211-44ED-9DEF-47BD94C51BA2}.Release|Mixed Platforms.ActiveCfg = Release|Any CPU
		{C0A7071D-9211-44ED-9DEF-47BD94C51BA2}.Release|Mixed Platforms.Build.0 = Release|Any CPU
		{C0A7071D-9211-44ED-9DEF-47BD94C51BA2}.Release|Windows Mobile 6.ActiveCfg = Release|Any CPU
		{C0A7071D-9211-44ED-9DEF-47BD94C51BA2}.Release|Windows Mobile 6.5.3 Professional DTK (ARMV4I).ActiveCfg = Release|Any CPU
		{C0A7071D-9211-44ED-9DEF-47BD94C51BA2}.Release|Windows Mobile 6.5.3 Professional DTK (ARMV4I).Build.0 = Release|Any CPU
		{01BCB6DF-EBAC-4899-B03C-2E6C2BCBB93C}.ControlsTest|Any CPU.ActiveCfg = ControlsTest|Any CPU
		{01BCB6DF-EBAC-4899-B03C-2E6C2BCBB93C}.ControlsTest|Any CPU.Build.0 = ControlsTest|Any CPU
		{01BCB6DF-EBAC-4899-B03C-2E6C2BCBB93C}.ControlsTest|Mixed Platforms.ActiveCfg = ControlsTest|Any CPU
		{01BCB6DF-EBAC-4899-B03C-2E6C2BCBB93C}.ControlsTest|Mixed Platforms.Build.0 = ControlsTest|Any CPU
		{01BCB6DF-EBAC-4899-B03C-2E6C2BCBB93C}.ControlsTest|Windows Mobile 6.ActiveCfg = ControlsTest|Any CPU
		{01BCB6DF-EBAC-4899-B03C-2E6C2BCBB93C}.ControlsTest|Windows Mobile 6.5.3 Professional DTK (ARMV4I).ActiveCfg = ControlsTest|Any CPU
		{01BCB6DF-EBAC-4899-B03C-2E6C2BCBB93C}.Debug (SmartPhone)|Any CPU.ActiveCfg = Debug|Any CPU
		{01BCB6DF-EBAC-4899-B03C-2E6C2BCBB93C}.Debug (SmartPhone)|Any CPU.Build.0 = Debug|Any CPU
		{01BCB6DF-EBAC-4899-B03C-2E6C2BCBB93C}.Debug (SmartPhone)|Mixed Platforms.ActiveCfg = Debug|Any CPU
		{01BCB6DF-EBAC-4899-B03C-2E6C2BCBB93C}.Debug (SmartPhone)|Mixed Platforms.Build.0 = Debug|Any CPU
		{01BCB6DF-EBAC-4899-B03C-2E6C2BCBB93C}.Debug (SmartPhone)|Windows Mobile 6.ActiveCfg = Debug|Any CPU
		{01BCB6DF-EBAC-4899-B03C-2E6C2BCBB93C}.Debug (SmartPhone)|Windows Mobile 6.5.3 Professional DTK (ARMV4I).ActiveCfg = Debug|Any CPU
		{01BCB6DF-EBAC-4899-B03C-2E6C2BCBB93C}.Debug|Any CPU.ActiveCfg = Debug|Any CPU
		{01BCB6DF-EBAC-4899-B03C-2E6C2BCBB93C}.Debug|Any CPU.Build.0 = Debug|Any CPU
		{01BCB6DF-EBAC-4899-B03C-2E6C2BCBB93C}.Debug|Mixed Platforms.ActiveCfg = Debug|Any CPU
		{01BCB6DF-EBAC-4899-B03C-2E6C2BCBB93C}.Debug|Mixed Platforms.Build.0 = Debug|Any CPU
		{01BCB6DF-EBAC-4899-B03C-2E6C2BCBB93C}.Debug|Windows Mobile 6.ActiveCfg = Debug|Any CPU
		{01BCB6DF-EBAC-4899-B03C-2E6C2BCBB93C}.Debug|Windows Mobile 6.5.3 Professional DTK (ARMV4I).ActiveCfg = Debug|Any CPU
		{01BCB6DF-EBAC-4899-B03C-2E6C2BCBB93C}.Debug|Windows Mobile 6.5.3 Professional DTK (ARMV4I).Build.0 = Debug|Any CPU
		{01BCB6DF-EBAC-4899-B03C-2E6C2BCBB93C}.Debug|Windows Mobile 6.5.3 Professional DTK (ARMV4I).Deploy.0 = Debug|Any CPU
		{01BCB6DF-EBAC-4899-B03C-2E6C2BCBB93C}.Release|Any CPU.ActiveCfg = Release|Any CPU
		{01BCB6DF-EBAC-4899-B03C-2E6C2BCBB93C}.Release|Any CPU.Build.0 = Release|Any CPU
		{01BCB6DF-EBAC-4899-B03C-2E6C2BCBB93C}.Release|Mixed Platforms.ActiveCfg = Release|Any CPU
		{01BCB6DF-EBAC-4899-B03C-2E6C2BCBB93C}.Release|Mixed Platforms.Build.0 = Release|Any CPU
		{01BCB6DF-EBAC-4899-B03C-2E6C2BCBB93C}.Release|Windows Mobile 6.ActiveCfg = Release|Any CPU
		{01BCB6DF-EBAC-4899-B03C-2E6C2BCBB93C}.Release|Windows Mobile 6.5.3 Professional DTK (ARMV4I).ActiveCfg = Release|Any CPU
		{01BCB6DF-EBAC-4899-B03C-2E6C2BCBB93C}.Release|Windows Mobile 6.5.3 Professional DTK (ARMV4I).Build.0 = Release|Any CPU
		{672996CA-3E35-4492-ACAB-F571F77F6FB5}.ControlsTest|Any CPU.ActiveCfg = ControlsTest|Any CPU
		{672996CA-3E35-4492-ACAB-F571F77F6FB5}.ControlsTest|Any CPU.Build.0 = ControlsTest|Any CPU
		{672996CA-3E35-4492-ACAB-F571F77F6FB5}.ControlsTest|Mixed Platforms.ActiveCfg = ControlsTest|Any CPU
		{672996CA-3E35-4492-ACAB-F571F77F6FB5}.ControlsTest|Mixed Platforms.Build.0 = ControlsTest|Any CPU
		{672996CA-3E35-4492-ACAB-F571F77F6FB5}.ControlsTest|Windows Mobile 6.ActiveCfg = ControlsTest|Any CPU
		{672996CA-3E35-4492-ACAB-F571F77F6FB5}.ControlsTest|Windows Mobile 6.5.3 Professional DTK (ARMV4I).ActiveCfg = ControlsTest|Any CPU
		{672996CA-3E35-4492-ACAB-F571F77F6FB5}.Debug (SmartPhone)|Any CPU.ActiveCfg = Debug|Any CPU
		{672996CA-3E35-4492-ACAB-F571F77F6FB5}.Debug (SmartPhone)|Any CPU.Build.0 = Debug|Any CPU
		{672996CA-3E35-4492-ACAB-F571F77F6FB5}.Debug (SmartPhone)|Mixed Platforms.ActiveCfg = Debug|Any CPU
		{672996CA-3E35-4492-ACAB-F571F77F6FB5}.Debug (SmartPhone)|Mixed Platforms.Build.0 = Debug|Any CPU
		{672996CA-3E35-4492-ACAB-F571F77F6FB5}.Debug (SmartPhone)|Windows Mobile 6.ActiveCfg = Debug|Any CPU
		{672996CA-3E35-4492-ACAB-F571F77F6FB5}.Debug (SmartPhone)|Windows Mobile 6.5.3 Professional DTK (ARMV4I).ActiveCfg = Debug|Any CPU
		{672996CA-3E35-4492-ACAB-F571F77F6FB5}.Debug|Any CPU.ActiveCfg = Debug|Any CPU
		{672996CA-3E35-4492-ACAB-F571F77F6FB5}.Debug|Any CPU.Build.0 = Debug|Any CPU
		{672996CA-3E35-4492-ACAB-F571F77F6FB5}.Debug|Mixed Platforms.ActiveCfg = Debug|Any CPU
		{672996CA-3E35-4492-ACAB-F571F77F6FB5}.Debug|Mixed Platforms.Build.0 = Debug|Any CPU
		{672996CA-3E35-4492-ACAB-F571F77F6FB5}.Debug|Windows Mobile 6.ActiveCfg = Debug|Any CPU
		{672996CA-3E35-4492-ACAB-F571F77F6FB5}.Debug|Windows Mobile 6.5.3 Professional DTK (ARMV4I).ActiveCfg = Debug|Any CPU
		{672996CA-3E35-4492-ACAB-F571F77F6FB5}.Debug|Windows Mobile 6.5.3 Professional DTK (ARMV4I).Build.0 = Debug|Any CPU
		{672996CA-3E35-4492-ACAB-F571F77F6FB5}.Debug|Windows Mobile 6.5.3 Professional DTK (ARMV4I).Deploy.0 = Debug|Any CPU
		{672996CA-3E35-4492-ACAB-F571F77F6FB5}.Release|Any CPU.ActiveCfg = Release|Any CPU
		{672996CA-3E35-4492-ACAB-F571F77F6FB5}.Release|Any CPU.Build.0 = Release|Any CPU
		{672996CA-3E35-4492-ACAB-F571F77F6FB5}.Release|Mixed Platforms.ActiveCfg = Release|Any CPU
		{672996CA-3E35-4492-ACAB-F571F77F6FB5}.Release|Mixed Platforms.Build.0 = Release|Any CPU
		{672996CA-3E35-4492-ACAB-F571F77F6FB5}.Release|Windows Mobile 6.ActiveCfg = Release|Any CPU
		{672996CA-3E35-4492-ACAB-F571F77F6FB5}.Release|Windows Mobile 6.5.3 Professional DTK (ARMV4I).ActiveCfg = Release|Any CPU
		{672996CA-3E35-4492-ACAB-F571F77F6FB5}.Release|Windows Mobile 6.5.3 Professional DTK (ARMV4I).Build.0 = Release|Any CPU
		{45F5A97D-8487-4239-947C-0ED0DB434346}.ControlsTest|Any CPU.ActiveCfg = Release|Any CPU
		{45F5A97D-8487-4239-947C-0ED0DB434346}.ControlsTest|Any CPU.Build.0 = Release|Any CPU
		{45F5A97D-8487-4239-947C-0ED0DB434346}.ControlsTest|Mixed Platforms.ActiveCfg = Release|Any CPU
		{45F5A97D-8487-4239-947C-0ED0DB434346}.ControlsTest|Mixed Platforms.Build.0 = Release|Any CPU
		{45F5A97D-8487-4239-947C-0ED0DB434346}.ControlsTest|Windows Mobile 6.ActiveCfg = Release|Any CPU
		{45F5A97D-8487-4239-947C-0ED0DB434346}.ControlsTest|Windows Mobile 6.5.3 Professional DTK (ARMV4I).ActiveCfg = Release|Any CPU
		{45F5A97D-8487-4239-947C-0ED0DB434346}.Debug (SmartPhone)|Any CPU.ActiveCfg = Debug|Any CPU
		{45F5A97D-8487-4239-947C-0ED0DB434346}.Debug (SmartPhone)|Any CPU.Build.0 = Debug|Any CPU
		{45F5A97D-8487-4239-947C-0ED0DB434346}.Debug (SmartPhone)|Mixed Platforms.ActiveCfg = Debug|Any CPU
		{45F5A97D-8487-4239-947C-0ED0DB434346}.Debug (SmartPhone)|Mixed Platforms.Build.0 = Debug|Any CPU
		{45F5A97D-8487-4239-947C-0ED0DB434346}.Debug (SmartPhone)|Windows Mobile 6.ActiveCfg = Debug|Any CPU
		{45F5A97D-8487-4239-947C-0ED0DB434346}.Debug (SmartPhone)|Windows Mobile 6.5.3 Professional DTK (ARMV4I).ActiveCfg = Debug|Any CPU
		{45F5A97D-8487-4239-947C-0ED0DB434346}.Debug|Any CPU.ActiveCfg = Debug|Any CPU
		{45F5A97D-8487-4239-947C-0ED0DB434346}.Debug|Any CPU.Build.0 = Debug|Any CPU
		{45F5A97D-8487-4239-947C-0ED0DB434346}.Debug|Mixed Platforms.ActiveCfg = Debug|Any CPU
		{45F5A97D-8487-4239-947C-0ED0DB434346}.Debug|Mixed Platforms.Build.0 = Debug|Any CPU
		{45F5A97D-8487-4239-947C-0ED0DB434346}.Debug|Windows Mobile 6.ActiveCfg = Debug|Any CPU
		{45F5A97D-8487-4239-947C-0ED0DB434346}.Debug|Windows Mobile 6.5.3 Professional DTK (ARMV4I).ActiveCfg = Debug|Any CPU
		{45F5A97D-8487-4239-947C-0ED0DB434346}.Debug|Windows Mobile 6.5.3 Professional DTK (ARMV4I).Build.0 = Debug|Any CPU
		{45F5A97D-8487-4239-947C-0ED0DB434346}.Debug|Windows Mobile 6.5.3 Professional DTK (ARMV4I).Deploy.0 = Debug|Any CPU
		{45F5A97D-8487-4239-947C-0ED0DB434346}.Release|Any CPU.ActiveCfg = Release|Any CPU
		{45F5A97D-8487-4239-947C-0ED0DB434346}.Release|Any CPU.Build.0 = Release|Any CPU
		{45F5A97D-8487-4239-947C-0ED0DB434346}.Release|Mixed Platforms.ActiveCfg = Release|Any CPU
		{45F5A97D-8487-4239-947C-0ED0DB434346}.Release|Mixed Platforms.Build.0 = Release|Any CPU
		{45F5A97D-8487-4239-947C-0ED0DB434346}.Release|Windows Mobile 6.ActiveCfg = Release|Any CPU
		{45F5A97D-8487-4239-947C-0ED0DB434346}.Release|Windows Mobile 6.5.3 Professional DTK (ARMV4I).ActiveCfg = Release|Any CPU
		{45F5A97D-8487-4239-947C-0ED0DB434346}.Release|Windows Mobile 6.5.3 Professional DTK (ARMV4I).Build.0 = Release|Any CPU
		{BB2F0F29-E2CE-4053-A6D5-ADB3AABC7A8E}.ControlsTest|Any CPU.ActiveCfg = Release|Any CPU
		{BB2F0F29-E2CE-4053-A6D5-ADB3AABC7A8E}.ControlsTest|Any CPU.Build.0 = Release|Any CPU
		{BB2F0F29-E2CE-4053-A6D5-ADB3AABC7A8E}.ControlsTest|Mixed Platforms.ActiveCfg = Release|Any CPU
		{BB2F0F29-E2CE-4053-A6D5-ADB3AABC7A8E}.ControlsTest|Mixed Platforms.Build.0 = Release|Any CPU
		{BB2F0F29-E2CE-4053-A6D5-ADB3AABC7A8E}.ControlsTest|Windows Mobile 6.ActiveCfg = Release|Any CPU
		{BB2F0F29-E2CE-4053-A6D5-ADB3AABC7A8E}.ControlsTest|Windows Mobile 6.5.3 Professional DTK (ARMV4I).ActiveCfg = Release|Any CPU
		{BB2F0F29-E2CE-4053-A6D5-ADB3AABC7A8E}.Debug (SmartPhone)|Any CPU.ActiveCfg = Debug|Any CPU
		{BB2F0F29-E2CE-4053-A6D5-ADB3AABC7A8E}.Debug (SmartPhone)|Any CPU.Build.0 = Debug|Any CPU
		{BB2F0F29-E2CE-4053-A6D5-ADB3AABC7A8E}.Debug (SmartPhone)|Mixed Platforms.ActiveCfg = Debug|Any CPU
		{BB2F0F29-E2CE-4053-A6D5-ADB3AABC7A8E}.Debug (SmartPhone)|Mixed Platforms.Build.0 = Debug|Any CPU
		{BB2F0F29-E2CE-4053-A6D5-ADB3AABC7A8E}.Debug (SmartPhone)|Windows Mobile 6.ActiveCfg = Debug|Any CPU
		{BB2F0F29-E2CE-4053-A6D5-ADB3AABC7A8E}.Debug (SmartPhone)|Windows Mobile 6.5.3 Professional DTK (ARMV4I).ActiveCfg = Debug|Any CPU
		{BB2F0F29-E2CE-4053-A6D5-ADB3AABC7A8E}.Debug|Any CPU.ActiveCfg = Debug|Any CPU
		{BB2F0F29-E2CE-4053-A6D5-ADB3AABC7A8E}.Debug|Any CPU.Build.0 = Debug|Any CPU
		{BB2F0F29-E2CE-4053-A6D5-ADB3AABC7A8E}.Debug|Mixed Platforms.ActiveCfg = Debug|Any CPU
		{BB2F0F29-E2CE-4053-A6D5-ADB3AABC7A8E}.Debug|Mixed Platforms.Build.0 = Debug|Any CPU
		{BB2F0F29-E2CE-4053-A6D5-ADB3AABC7A8E}.Debug|Windows Mobile 6.ActiveCfg = Debug|Any CPU
		{BB2F0F29-E2CE-4053-A6D5-ADB3AABC7A8E}.Debug|Windows Mobile 6.5.3 Professional DTK (ARMV4I).ActiveCfg = Debug|Any CPU
		{BB2F0F29-E2CE-4053-A6D5-ADB3AABC7A8E}.Debug|Windows Mobile 6.5.3 Professional DTK (ARMV4I).Build.0 = Debug|Any CPU
		{BB2F0F29-E2CE-4053-A6D5-ADB3AABC7A8E}.Debug|Windows Mobile 6.5.3 Professional DTK (ARMV4I).Deploy.0 = Debug|Any CPU
		{BB2F0F29-E2CE-4053-A6D5-ADB3AABC7A8E}.Release|Any CPU.ActiveCfg = Release|Any CPU
		{BB2F0F29-E2CE-4053-A6D5-ADB3AABC7A8E}.Release|Any CPU.Build.0 = Release|Any CPU
		{BB2F0F29-E2CE-4053-A6D5-ADB3AABC7A8E}.Release|Mixed Platforms.ActiveCfg = Release|Any CPU
		{BB2F0F29-E2CE-4053-A6D5-ADB3AABC7A8E}.Release|Mixed Platforms.Build.0 = Release|Any CPU
		{BB2F0F29-E2CE-4053-A6D5-ADB3AABC7A8E}.Release|Windows Mobile 6.ActiveCfg = Release|Any CPU
		{BB2F0F29-E2CE-4053-A6D5-ADB3AABC7A8E}.Release|Windows Mobile 6.5.3 Professional DTK (ARMV4I).ActiveCfg = Release|Any CPU
		{BB2F0F29-E2CE-4053-A6D5-ADB3AABC7A8E}.Release|Windows Mobile 6.5.3 Professional DTK (ARMV4I).Build.0 = Release|Any CPU
		{BB2F0F29-E2CE-4053-A6D5-ADB3AABC7A8E}.Release|Windows Mobile 6.5.3 Professional DTK (ARMV4I).Deploy.0 = Release|Any CPU
		{0A9395F4-5F1A-4A4D-9187-1348DD68BB6C}.ControlsTest|Any CPU.ActiveCfg = ControlsTest|Any CPU
		{0A9395F4-5F1A-4A4D-9187-1348DD68BB6C}.ControlsTest|Any CPU.Build.0 = ControlsTest|Any CPU
		{0A9395F4-5F1A-4A4D-9187-1348DD68BB6C}.ControlsTest|Mixed Platforms.ActiveCfg = ControlsTest|Any CPU
		{0A9395F4-5F1A-4A4D-9187-1348DD68BB6C}.ControlsTest|Mixed Platforms.Build.0 = ControlsTest|Any CPU
		{0A9395F4-5F1A-4A4D-9187-1348DD68BB6C}.ControlsTest|Windows Mobile 6.ActiveCfg = ControlsTest|Any CPU
		{0A9395F4-5F1A-4A4D-9187-1348DD68BB6C}.ControlsTest|Windows Mobile 6.5.3 Professional DTK (ARMV4I).ActiveCfg = ControlsTest|Any CPU
		{0A9395F4-5F1A-4A4D-9187-1348DD68BB6C}.Debug (SmartPhone)|Any CPU.ActiveCfg = Debug|Any CPU
		{0A9395F4-5F1A-4A4D-9187-1348DD68BB6C}.Debug (SmartPhone)|Any CPU.Build.0 = Debug|Any CPU
		{0A9395F4-5F1A-4A4D-9187-1348DD68BB6C}.Debug (SmartPhone)|Mixed Platforms.ActiveCfg = Debug|Any CPU
		{0A9395F4-5F1A-4A4D-9187-1348DD68BB6C}.Debug (SmartPhone)|Mixed Platforms.Build.0 = Debug|Any CPU
		{0A9395F4-5F1A-4A4D-9187-1348DD68BB6C}.Debug (SmartPhone)|Windows Mobile 6.ActiveCfg = Debug|Any CPU
		{0A9395F4-5F1A-4A4D-9187-1348DD68BB6C}.Debug (SmartPhone)|Windows Mobile 6.5.3 Professional DTK (ARMV4I).ActiveCfg = Debug|Any CPU
		{0A9395F4-5F1A-4A4D-9187-1348DD68BB6C}.Debug|Any CPU.ActiveCfg = Debug|Any CPU
		{0A9395F4-5F1A-4A4D-9187-1348DD68BB6C}.Debug|Any CPU.Build.0 = Debug|Any CPU
		{0A9395F4-5F1A-4A4D-9187-1348DD68BB6C}.Debug|Mixed Platforms.ActiveCfg = Debug|Any CPU
		{0A9395F4-5F1A-4A4D-9187-1348DD68BB6C}.Debug|Mixed Platforms.Build.0 = Debug|Any CPU
		{0A9395F4-5F1A-4A4D-9187-1348DD68BB6C}.Debug|Windows Mobile 6.ActiveCfg = Debug|Any CPU
		{0A9395F4-5F1A-4A4D-9187-1348DD68BB6C}.Debug|Windows Mobile 6.5.3 Professional DTK (ARMV4I).ActiveCfg = Debug|Any CPU
		{0A9395F4-5F1A-4A4D-9187-1348DD68BB6C}.Release|Any CPU.ActiveCfg = Release|Any CPU
		{0A9395F4-5F1A-4A4D-9187-1348DD68BB6C}.Release|Any CPU.Build.0 = Release|Any CPU
		{0A9395F4-5F1A-4A4D-9187-1348DD68BB6C}.Release|Mixed Platforms.ActiveCfg = Release|Any CPU
		{0A9395F4-5F1A-4A4D-9187-1348DD68BB6C}.Release|Mixed Platforms.Build.0 = Release|Any CPU
		{0A9395F4-5F1A-4A4D-9187-1348DD68BB6C}.Release|Windows Mobile 6.ActiveCfg = Release|Any CPU
		{0A9395F4-5F1A-4A4D-9187-1348DD68BB6C}.Release|Windows Mobile 6.5.3 Professional DTK (ARMV4I).ActiveCfg = Release|Any CPU
		{6E2E475C-1AAE-4EB3-81B4-2D6BF43E9A8D}.ControlsTest|Any CPU.ActiveCfg = ControlsTest|Any CPU
		{6E2E475C-1AAE-4EB3-81B4-2D6BF43E9A8D}.ControlsTest|Any CPU.Build.0 = ControlsTest|Any CPU
		{6E2E475C-1AAE-4EB3-81B4-2D6BF43E9A8D}.ControlsTest|Mixed Platforms.ActiveCfg = ControlsTest|Any CPU
		{6E2E475C-1AAE-4EB3-81B4-2D6BF43E9A8D}.ControlsTest|Mixed Platforms.Build.0 = ControlsTest|Any CPU
		{6E2E475C-1AAE-4EB3-81B4-2D6BF43E9A8D}.ControlsTest|Windows Mobile 6.ActiveCfg = ControlsTest|Any CPU
		{6E2E475C-1AAE-4EB3-81B4-2D6BF43E9A8D}.ControlsTest|Windows Mobile 6.5.3 Professional DTK (ARMV4I).ActiveCfg = ControlsTest|Any CPU
		{6E2E475C-1AAE-4EB3-81B4-2D6BF43E9A8D}.Debug (SmartPhone)|Any CPU.ActiveCfg = Debug|Any CPU
		{6E2E475C-1AAE-4EB3-81B4-2D6BF43E9A8D}.Debug (SmartPhone)|Any CPU.Build.0 = Debug|Any CPU
		{6E2E475C-1AAE-4EB3-81B4-2D6BF43E9A8D}.Debug (SmartPhone)|Mixed Platforms.ActiveCfg = Debug|Any CPU
		{6E2E475C-1AAE-4EB3-81B4-2D6BF43E9A8D}.Debug (SmartPhone)|Mixed Platforms.Build.0 = Debug|Any CPU
		{6E2E475C-1AAE-4EB3-81B4-2D6BF43E9A8D}.Debug (SmartPhone)|Windows Mobile 6.ActiveCfg = Debug|Any CPU
		{6E2E475C-1AAE-4EB3-81B4-2D6BF43E9A8D}.Debug (SmartPhone)|Windows Mobile 6.5.3 Professional DTK (ARMV4I).ActiveCfg = Debug|Any CPU
		{6E2E475C-1AAE-4EB3-81B4-2D6BF43E9A8D}.Debug|Any CPU.ActiveCfg = Debug|Any CPU
		{6E2E475C-1AAE-4EB3-81B4-2D6BF43E9A8D}.Debug|Any CPU.Build.0 = Debug|Any CPU
		{6E2E475C-1AAE-4EB3-81B4-2D6BF43E9A8D}.Debug|Mixed Platforms.ActiveCfg = Debug|Any CPU
		{6E2E475C-1AAE-4EB3-81B4-2D6BF43E9A8D}.Debug|Mixed Platforms.Build.0 = Debug|Any CPU
		{6E2E475C-1AAE-4EB3-81B4-2D6BF43E9A8D}.Debug|Windows Mobile 6.ActiveCfg = Debug|Any CPU
		{6E2E475C-1AAE-4EB3-81B4-2D6BF43E9A8D}.Debug|Windows Mobile 6.5.3 Professional DTK (ARMV4I).ActiveCfg = Debug|Any CPU
		{6E2E475C-1AAE-4EB3-81B4-2D6BF43E9A8D}.Release|Any CPU.ActiveCfg = Release|Any CPU
		{6E2E475C-1AAE-4EB3-81B4-2D6BF43E9A8D}.Release|Any CPU.Build.0 = Release|Any CPU
		{6E2E475C-1AAE-4EB3-81B4-2D6BF43E9A8D}.Release|Mixed Platforms.ActiveCfg = Release|Any CPU
		{6E2E475C-1AAE-4EB3-81B4-2D6BF43E9A8D}.Release|Mixed Platforms.Build.0 = Release|Any CPU
		{6E2E475C-1AAE-4EB3-81B4-2D6BF43E9A8D}.Release|Windows Mobile 6.ActiveCfg = Release|Any CPU
		{6E2E475C-1AAE-4EB3-81B4-2D6BF43E9A8D}.Release|Windows Mobile 6.5.3 Professional DTK (ARMV4I).ActiveCfg = Release|Any CPU
		{851067F9-A502-471E-A9D9-C5CA33D1C227}.ControlsTest|Any CPU.ActiveCfg = ControlsTest|Any CPU
		{851067F9-A502-471E-A9D9-C5CA33D1C227}.ControlsTest|Any CPU.Build.0 = ControlsTest|Any CPU
		{851067F9-A502-471E-A9D9-C5CA33D1C227}.ControlsTest|Mixed Platforms.ActiveCfg = ControlsTest|Any CPU
		{851067F9-A502-471E-A9D9-C5CA33D1C227}.ControlsTest|Mixed Platforms.Build.0 = ControlsTest|Any CPU
		{851067F9-A502-471E-A9D9-C5CA33D1C227}.ControlsTest|Windows Mobile 6.ActiveCfg = ControlsTest|Any CPU
		{851067F9-A502-471E-A9D9-C5CA33D1C227}.ControlsTest|Windows Mobile 6.5.3 Professional DTK (ARMV4I).ActiveCfg = ControlsTest|Any CPU
		{851067F9-A502-471E-A9D9-C5CA33D1C227}.Debug (SmartPhone)|Any CPU.ActiveCfg = Debug|Any CPU
		{851067F9-A502-471E-A9D9-C5CA33D1C227}.Debug (SmartPhone)|Any CPU.Build.0 = Debug|Any CPU
		{851067F9-A502-471E-A9D9-C5CA33D1C227}.Debug (SmartPhone)|Mixed Platforms.ActiveCfg = Debug|Any CPU
		{851067F9-A502-471E-A9D9-C5CA33D1C227}.Debug (SmartPhone)|Mixed Platforms.Build.0 = Debug|Any CPU
		{851067F9-A502-471E-A9D9-C5CA33D1C227}.Debug (SmartPhone)|Windows Mobile 6.ActiveCfg = Debug|Any CPU
		{851067F9-A502-471E-A9D9-C5CA33D1C227}.Debug (SmartPhone)|Windows Mobile 6.5.3 Professional DTK (ARMV4I).ActiveCfg = Debug|Any CPU
		{851067F9-A502-471E-A9D9-C5CA33D1C227}.Debug|Any CPU.ActiveCfg = Debug|Any CPU
		{851067F9-A502-471E-A9D9-C5CA33D1C227}.Debug|Any CPU.Build.0 = Debug|Any CPU
		{851067F9-A502-471E-A9D9-C5CA33D1C227}.Debug|Mixed Platforms.ActiveCfg = Debug|Any CPU
		{851067F9-A502-471E-A9D9-C5CA33D1C227}.Debug|Mixed Platforms.Build.0 = Debug|Any CPU
		{851067F9-A502-471E-A9D9-C5CA33D1C227}.Debug|Windows Mobile 6.ActiveCfg = Debug|Any CPU
		{851067F9-A502-471E-A9D9-C5CA33D1C227}.Debug|Windows Mobile 6.5.3 Professional DTK (ARMV4I).ActiveCfg = Debug|Any CPU
		{851067F9-A502-471E-A9D9-C5CA33D1C227}.Release|Any CPU.ActiveCfg = Release|Any CPU
		{851067F9-A502-471E-A9D9-C5CA33D1C227}.Release|Any CPU.Build.0 = Release|Any CPU
		{851067F9-A502-471E-A9D9-C5CA33D1C227}.Release|Mixed Platforms.ActiveCfg = Release|Any CPU
		{851067F9-A502-471E-A9D9-C5CA33D1C227}.Release|Mixed Platforms.Build.0 = Release|Any CPU
		{851067F9-A502-471E-A9D9-C5CA33D1C227}.Release|Windows Mobile 6.ActiveCfg = Release|Any CPU
		{851067F9-A502-471E-A9D9-C5CA33D1C227}.Release|Windows Mobile 6.5.3 Professional DTK (ARMV4I).ActiveCfg = Release|Any CPU
		{F7150E86-53CA-4BF5-8453-6CFD354924E2}.ControlsTest|Any CPU.ActiveCfg = ControlsTest|Any CPU
		{F7150E86-53CA-4BF5-8453-6CFD354924E2}.ControlsTest|Any CPU.Build.0 = ControlsTest|Any CPU
		{F7150E86-53CA-4BF5-8453-6CFD354924E2}.ControlsTest|Mixed Platforms.ActiveCfg = ControlsTest|Any CPU
		{F7150E86-53CA-4BF5-8453-6CFD354924E2}.ControlsTest|Mixed Platforms.Build.0 = ControlsTest|Any CPU
		{F7150E86-53CA-4BF5-8453-6CFD354924E2}.ControlsTest|Windows Mobile 6.ActiveCfg = ControlsTest|Any CPU
		{F7150E86-53CA-4BF5-8453-6CFD354924E2}.ControlsTest|Windows Mobile 6.5.3 Professional DTK (ARMV4I).ActiveCfg = ControlsTest|Any CPU
		{F7150E86-53CA-4BF5-8453-6CFD354924E2}.Debug (SmartPhone)|Any CPU.ActiveCfg = Debug|Any CPU
		{F7150E86-53CA-4BF5-8453-6CFD354924E2}.Debug (SmartPhone)|Any CPU.Build.0 = Debug|Any CPU
		{F7150E86-53CA-4BF5-8453-6CFD354924E2}.Debug (SmartPhone)|Mixed Platforms.ActiveCfg = Debug|Any CPU
		{F7150E86-53CA-4BF5-8453-6CFD354924E2}.Debug (SmartPhone)|Mixed Platforms.Build.0 = Debug|Any CPU
		{F7150E86-53CA-4BF5-8453-6CFD354924E2}.Debug (SmartPhone)|Windows Mobile 6.ActiveCfg = Debug|Any CPU
		{F7150E86-53CA-4BF5-8453-6CFD354924E2}.Debug (SmartPhone)|Windows Mobile 6.5.3 Professional DTK (ARMV4I).ActiveCfg = Debug|Any CPU
		{F7150E86-53CA-4BF5-8453-6CFD354924E2}.Debug|Any CPU.ActiveCfg = Debug|Any CPU
		{F7150E86-53CA-4BF5-8453-6CFD354924E2}.Debug|Any CPU.Build.0 = Debug|Any CPU
		{F7150E86-53CA-4BF5-8453-6CFD354924E2}.Debug|Mixed Platforms.ActiveCfg = Debug|Any CPU
		{F7150E86-53CA-4BF5-8453-6CFD354924E2}.Debug|Mixed Platforms.Build.0 = Debug|Any CPU
		{F7150E86-53CA-4BF5-8453-6CFD354924E2}.Debug|Windows Mobile 6.ActiveCfg = Debug|Any CPU
		{F7150E86-53CA-4BF5-8453-6CFD354924E2}.Debug|Windows Mobile 6.5.3 Professional DTK (ARMV4I).ActiveCfg = Debug|Any CPU
		{F7150E86-53CA-4BF5-8453-6CFD354924E2}.Release|Any CPU.ActiveCfg = Release|Any CPU
		{F7150E86-53CA-4BF5-8453-6CFD354924E2}.Release|Any CPU.Build.0 = Release|Any CPU
		{F7150E86-53CA-4BF5-8453-6CFD354924E2}.Release|Mixed Platforms.ActiveCfg = Release|Any CPU
		{F7150E86-53CA-4BF5-8453-6CFD354924E2}.Release|Mixed Platforms.Build.0 = Release|Any CPU
		{F7150E86-53CA-4BF5-8453-6CFD354924E2}.Release|Windows Mobile 6.ActiveCfg = Release|Any CPU
		{F7150E86-53CA-4BF5-8453-6CFD354924E2}.Release|Windows Mobile 6.5.3 Professional DTK (ARMV4I).ActiveCfg = Release|Any CPU
		{F37525EE-F9D3-4DE5-B824-6461211DF678}.ControlsTest|Any CPU.ActiveCfg = ControlsTest|Any CPU
		{F37525EE-F9D3-4DE5-B824-6461211DF678}.ControlsTest|Any CPU.Build.0 = ControlsTest|Any CPU
		{F37525EE-F9D3-4DE5-B824-6461211DF678}.ControlsTest|Mixed Platforms.ActiveCfg = ControlsTest|Any CPU
		{F37525EE-F9D3-4DE5-B824-6461211DF678}.ControlsTest|Mixed Platforms.Build.0 = ControlsTest|Any CPU
		{F37525EE-F9D3-4DE5-B824-6461211DF678}.ControlsTest|Windows Mobile 6.ActiveCfg = ControlsTest|Any CPU
		{F37525EE-F9D3-4DE5-B824-6461211DF678}.ControlsTest|Windows Mobile 6.5.3 Professional DTK (ARMV4I).ActiveCfg = ControlsTest|Any CPU
		{F37525EE-F9D3-4DE5-B824-6461211DF678}.Debug (SmartPhone)|Any CPU.ActiveCfg = Debug|Any CPU
		{F37525EE-F9D3-4DE5-B824-6461211DF678}.Debug (SmartPhone)|Any CPU.Build.0 = Debug|Any CPU
		{F37525EE-F9D3-4DE5-B824-6461211DF678}.Debug (SmartPhone)|Mixed Platforms.ActiveCfg = Debug|Any CPU
		{F37525EE-F9D3-4DE5-B824-6461211DF678}.Debug (SmartPhone)|Mixed Platforms.Build.0 = Debug|Any CPU
		{F37525EE-F9D3-4DE5-B824-6461211DF678}.Debug (SmartPhone)|Windows Mobile 6.ActiveCfg = Debug|Any CPU
		{F37525EE-F9D3-4DE5-B824-6461211DF678}.Debug (SmartPhone)|Windows Mobile 6.5.3 Professional DTK (ARMV4I).ActiveCfg = Debug|Any CPU
		{F37525EE-F9D3-4DE5-B824-6461211DF678}.Debug|Any CPU.ActiveCfg = Debug|Any CPU
		{F37525EE-F9D3-4DE5-B824-6461211DF678}.Debug|Any CPU.Build.0 = Debug|Any CPU
		{F37525EE-F9D3-4DE5-B824-6461211DF678}.Debug|Mixed Platforms.ActiveCfg = Debug|Any CPU
		{F37525EE-F9D3-4DE5-B824-6461211DF678}.Debug|Mixed Platforms.Build.0 = Debug|Any CPU
		{F37525EE-F9D3-4DE5-B824-6461211DF678}.Debug|Windows Mobile 6.ActiveCfg = Debug|Any CPU
		{F37525EE-F9D3-4DE5-B824-6461211DF678}.Debug|Windows Mobile 6.5.3 Professional DTK (ARMV4I).ActiveCfg = Debug|Any CPU
		{F37525EE-F9D3-4DE5-B824-6461211DF678}.Release|Any CPU.ActiveCfg = Release|Any CPU
		{F37525EE-F9D3-4DE5-B824-6461211DF678}.Release|Any CPU.Build.0 = Release|Any CPU
		{F37525EE-F9D3-4DE5-B824-6461211DF678}.Release|Mixed Platforms.ActiveCfg = Release|Any CPU
		{F37525EE-F9D3-4DE5-B824-6461211DF678}.Release|Mixed Platforms.Build.0 = Release|Any CPU
		{F37525EE-F9D3-4DE5-B824-6461211DF678}.Release|Windows Mobile 6.ActiveCfg = Release|Any CPU
		{F37525EE-F9D3-4DE5-B824-6461211DF678}.Release|Windows Mobile 6.5.3 Professional DTK (ARMV4I).ActiveCfg = Release|Any CPU
		{4DE92367-7A44-405E-83C5-5E41140CF04E}.ControlsTest|Any CPU.ActiveCfg = ControlsTest|Any CPU
		{4DE92367-7A44-405E-83C5-5E41140CF04E}.ControlsTest|Any CPU.Build.0 = ControlsTest|Any CPU
		{4DE92367-7A44-405E-83C5-5E41140CF04E}.ControlsTest|Mixed Platforms.ActiveCfg = ControlsTest|Any CPU
		{4DE92367-7A44-405E-83C5-5E41140CF04E}.ControlsTest|Mixed Platforms.Build.0 = ControlsTest|Any CPU
		{4DE92367-7A44-405E-83C5-5E41140CF04E}.ControlsTest|Windows Mobile 6.ActiveCfg = ControlsTest|Any CPU
		{4DE92367-7A44-405E-83C5-5E41140CF04E}.ControlsTest|Windows Mobile 6.5.3 Professional DTK (ARMV4I).ActiveCfg = ControlsTest|Any CPU
		{4DE92367-7A44-405E-83C5-5E41140CF04E}.Debug (SmartPhone)|Any CPU.ActiveCfg = Debug|Any CPU
		{4DE92367-7A44-405E-83C5-5E41140CF04E}.Debug (SmartPhone)|Any CPU.Build.0 = Debug|Any CPU
		{4DE92367-7A44-405E-83C5-5E41140CF04E}.Debug (SmartPhone)|Mixed Platforms.ActiveCfg = Debug|Any CPU
		{4DE92367-7A44-405E-83C5-5E41140CF04E}.Debug (SmartPhone)|Mixed Platforms.Build.0 = Debug|Any CPU
		{4DE92367-7A44-405E-83C5-5E41140CF04E}.Debug (SmartPhone)|Windows Mobile 6.ActiveCfg = Debug|Any CPU
		{4DE92367-7A44-405E-83C5-5E41140CF04E}.Debug (SmartPhone)|Windows Mobile 6.5.3 Professional DTK (ARMV4I).ActiveCfg = Debug|Any CPU
		{4DE92367-7A44-405E-83C5-5E41140CF04E}.Debug|Any CPU.ActiveCfg = Debug|Any CPU
		{4DE92367-7A44-405E-83C5-5E41140CF04E}.Debug|Any CPU.Build.0 = Debug|Any CPU
		{4DE92367-7A44-405E-83C5-5E41140CF04E}.Debug|Mixed Platforms.ActiveCfg = Debug|Any CPU
		{4DE92367-7A44-405E-83C5-5E41140CF04E}.Debug|Mixed Platforms.Build.0 = Debug|Any CPU
		{4DE92367-7A44-405E-83C5-5E41140CF04E}.Debug|Windows Mobile 6.ActiveCfg = Debug|Any CPU
		{4DE92367-7A44-405E-83C5-5E41140CF04E}.Debug|Windows Mobile 6.5.3 Professional DTK (ARMV4I).ActiveCfg = Debug|Any CPU
		{4DE92367-7A44-405E-83C5-5E41140CF04E}.Release|Any CPU.ActiveCfg = Release|Any CPU
		{4DE92367-7A44-405E-83C5-5E41140CF04E}.Release|Any CPU.Build.0 = Release|Any CPU
		{4DE92367-7A44-405E-83C5-5E41140CF04E}.Release|Mixed Platforms.ActiveCfg = Release|Any CPU
		{4DE92367-7A44-405E-83C5-5E41140CF04E}.Release|Mixed Platforms.Build.0 = Release|Any CPU
		{4DE92367-7A44-405E-83C5-5E41140CF04E}.Release|Windows Mobile 6.ActiveCfg = Release|Any CPU
		{4DE92367-7A44-405E-83C5-5E41140CF04E}.Release|Windows Mobile 6.5.3 Professional DTK (ARMV4I).ActiveCfg = Release|Any CPU
		{3EB3547E-EBC9-48FD-B7F7-F49844D8E42A}.ControlsTest|Any CPU.ActiveCfg = ControlsTest|Any CPU
		{3EB3547E-EBC9-48FD-B7F7-F49844D8E42A}.ControlsTest|Any CPU.Build.0 = ControlsTest|Any CPU
		{3EB3547E-EBC9-48FD-B7F7-F49844D8E42A}.ControlsTest|Any CPU.Deploy.0 = ControlsTest|Any CPU
		{3EB3547E-EBC9-48FD-B7F7-F49844D8E42A}.ControlsTest|Mixed Platforms.ActiveCfg = ControlsTest|Any CPU
		{3EB3547E-EBC9-48FD-B7F7-F49844D8E42A}.ControlsTest|Mixed Platforms.Build.0 = ControlsTest|Any CPU
		{3EB3547E-EBC9-48FD-B7F7-F49844D8E42A}.ControlsTest|Mixed Platforms.Deploy.0 = ControlsTest|Any CPU
		{3EB3547E-EBC9-48FD-B7F7-F49844D8E42A}.ControlsTest|Windows Mobile 6.ActiveCfg = ControlsTest|Any CPU
		{3EB3547E-EBC9-48FD-B7F7-F49844D8E42A}.ControlsTest|Windows Mobile 6.5.3 Professional DTK (ARMV4I).ActiveCfg = ControlsTest|Any CPU
		{3EB3547E-EBC9-48FD-B7F7-F49844D8E42A}.ControlsTest|Windows Mobile 6.5.3 Professional DTK (ARMV4I).Build.0 = ControlsTest|Any CPU
		{3EB3547E-EBC9-48FD-B7F7-F49844D8E42A}.ControlsTest|Windows Mobile 6.5.3 Professional DTK (ARMV4I).Deploy.0 = ControlsTest|Any CPU
		{3EB3547E-EBC9-48FD-B7F7-F49844D8E42A}.Debug (SmartPhone)|Any CPU.ActiveCfg = Debug|Any CPU
		{3EB3547E-EBC9-48FD-B7F7-F49844D8E42A}.Debug (SmartPhone)|Any CPU.Build.0 = Debug|Any CPU
		{3EB3547E-EBC9-48FD-B7F7-F49844D8E42A}.Debug (SmartPhone)|Any CPU.Deploy.0 = Debug|Any CPU
		{3EB3547E-EBC9-48FD-B7F7-F49844D8E42A}.Debug (SmartPhone)|Mixed Platforms.ActiveCfg = Debug|Any CPU
		{3EB3547E-EBC9-48FD-B7F7-F49844D8E42A}.Debug (SmartPhone)|Mixed Platforms.Build.0 = Debug|Any CPU
		{3EB3547E-EBC9-48FD-B7F7-F49844D8E42A}.Debug (SmartPhone)|Mixed Platforms.Deploy.0 = Debug|Any CPU
		{3EB3547E-EBC9-48FD-B7F7-F49844D8E42A}.Debug (SmartPhone)|Windows Mobile 6.ActiveCfg = Debug|Any CPU
		{3EB3547E-EBC9-48FD-B7F7-F49844D8E42A}.Debug (SmartPhone)|Windows Mobile 6.5.3 Professional DTK (ARMV4I).ActiveCfg = Debug|Any CPU
		{3EB3547E-EBC9-48FD-B7F7-F49844D8E42A}.Debug|Any CPU.ActiveCfg = Debug|Any CPU
		{3EB3547E-EBC9-48FD-B7F7-F49844D8E42A}.Debug|Any CPU.Build.0 = Debug|Any CPU
		{3EB3547E-EBC9-48FD-B7F7-F49844D8E42A}.Debug|Any CPU.Deploy.0 = Debug|Any CPU
		{3EB3547E-EBC9-48FD-B7F7-F49844D8E42A}.Debug|Mixed Platforms.ActiveCfg = Debug|Any CPU
		{3EB3547E-EBC9-48FD-B7F7-F49844D8E42A}.Debug|Mixed Platforms.Build.0 = Debug|Any CPU
		{3EB3547E-EBC9-48FD-B7F7-F49844D8E42A}.Debug|Mixed Platforms.Deploy.0 = Debug|Any CPU
		{3EB3547E-EBC9-48FD-B7F7-F49844D8E42A}.Debug|Windows Mobile 6.ActiveCfg = Debug|Any CPU
		{3EB3547E-EBC9-48FD-B7F7-F49844D8E42A}.Debug|Windows Mobile 6.5.3 Professional DTK (ARMV4I).ActiveCfg = Debug|Any CPU
		{3EB3547E-EBC9-48FD-B7F7-F49844D8E42A}.Release|Any CPU.ActiveCfg = Release|Any CPU
		{3EB3547E-EBC9-48FD-B7F7-F49844D8E42A}.Release|Any CPU.Build.0 = Release|Any CPU
		{3EB3547E-EBC9-48FD-B7F7-F49844D8E42A}.Release|Any CPU.Deploy.0 = Release|Any CPU
		{3EB3547E-EBC9-48FD-B7F7-F49844D8E42A}.Release|Mixed Platforms.ActiveCfg = Release|Any CPU
		{3EB3547E-EBC9-48FD-B7F7-F49844D8E42A}.Release|Mixed Platforms.Build.0 = Release|Any CPU
		{3EB3547E-EBC9-48FD-B7F7-F49844D8E42A}.Release|Mixed Platforms.Deploy.0 = Release|Any CPU
		{3EB3547E-EBC9-48FD-B7F7-F49844D8E42A}.Release|Windows Mobile 6.ActiveCfg = Release|Any CPU
		{3EB3547E-EBC9-48FD-B7F7-F49844D8E42A}.Release|Windows Mobile 6.5.3 Professional DTK (ARMV4I).ActiveCfg = Release|Any CPU
	EndGlobalSection
	GlobalSection(SolutionProperties) = preSolution
		HideSolutionNode = FALSE
	EndGlobalSection
	GlobalSection(NestedProjects) = preSolution
		{6EA956FA-6157-44EF-A9B4-FB43B4E18FAD} = {0B797F7A-E0C8-48CD-878C-9DF1EB7F418B}
		{058BEB2E-C6A2-4B37-A734-6E3EDBFF8A5A} = {0B797F7A-E0C8-48CD-878C-9DF1EB7F418B}
		{C0BBBE1D-433E-4468-B401-647FC0578320} = {0B797F7A-E0C8-48CD-878C-9DF1EB7F418B}
		{C0A7071D-9211-44ED-9DEF-47BD94C51BA2} = {0B797F7A-E0C8-48CD-878C-9DF1EB7F418B}
		{672996CA-3E35-4492-ACAB-F571F77F6FB5} = {0B797F7A-E0C8-48CD-878C-9DF1EB7F418B}
		{B23D069D-4ED9-4F45-BE07-DA271A2106D4} = {0B797F7A-E0C8-48CD-878C-9DF1EB7F418B}
		{DAAA24B1-DA24-464C-AA0E-967917374150} = {0B797F7A-E0C8-48CD-878C-9DF1EB7F418B}
		{45F5A97D-8487-4239-947C-0ED0DB434346} = {06846815-88AF-4DC8-B30A-951AA8864B87}
		{BB2F0F29-E2CE-4053-A6D5-ADB3AABC7A8E} = {06846815-88AF-4DC8-B30A-951AA8864B87}
		{0A9395F4-5F1A-4A4D-9187-1348DD68BB6C} = {DAAA24B1-DA24-464C-AA0E-967917374150}
		{6E2E475C-1AAE-4EB3-81B4-2D6BF43E9A8D} = {DAAA24B1-DA24-464C-AA0E-967917374150}
		{851067F9-A502-471E-A9D9-C5CA33D1C227} = {DAAA24B1-DA24-464C-AA0E-967917374150}
		{F7150E86-53CA-4BF5-8453-6CFD354924E2} = {DAAA24B1-DA24-464C-AA0E-967917374150}
		{F37525EE-F9D3-4DE5-B824-6461211DF678} = {DAAA24B1-DA24-464C-AA0E-967917374150}
		{4DE92367-7A44-405E-83C5-5E41140CF04E} = {DAAA24B1-DA24-464C-AA0E-967917374150}
	EndGlobalSection
EndGlobal
