
Microsoft Visual Studio Solution File, Format Version 10.00
# Visual Studio 2008
Project("{FAE04EC0-301F-11D3-BF4B-00C04F79EFBC}") = "MetroHome65", "MetroHome65\MetroHome65.csproj", "{55BF769B-A219-4FCF-8B3C-4B87D0D147AF}"
EndProject
Project("{FAE04EC0-301F-11D3-BF4B-00C04F79EFBC}") = "BaseWidgets", "metrohome65\Widgets\BaseWidgets\BaseWidgets.csproj", "{B23D069D-4ED9-4F45-BE07-DA271A2106D4}"
	ProjectSection(ProjectDependencies) = postProject
		{A6BFA5B1-E501-4588-BCF0-F07356F120E3} = {A6BFA5B1-E501-4588-BCF0-F07356F120E3}
	EndProjectSection
EndProject
Project("{FAE04EC0-301F-11D3-BF4B-00C04F79EFBC}") = "ClockWidgets", "metrohome65\Widgets\ClockWidgets\ClockWidgets.csproj", "{6EA956FA-6157-44EF-A9B4-FB43B4E18FAD}"
	ProjectSection(ProjectDependencies) = postProject
		{B23D069D-4ED9-4F45-BE07-DA271A2106D4} = {B23D069D-4ED9-4F45-BE07-DA271A2106D4}
	EndProjectSection
EndProject
Project("{FAE04EC0-301F-11D3-BF4B-00C04F79EFBC}") = "PhoneWidgets", "metrohome65\Widgets\PhoneWidgets\PhoneWidgets.csproj", "{058BEB2E-C6A2-4B37-A734-6E3EDBFF8A5A}"
	ProjectSection(ProjectDependencies) = postProject
		{B23D069D-4ED9-4F45-BE07-DA271A2106D4} = {B23D069D-4ED9-4F45-BE07-DA271A2106D4}
		{A6BFA5B1-E501-4588-BCF0-F07356F120E3} = {A6BFA5B1-E501-4588-BCF0-F07356F120E3}
	EndProjectSection
EndProject
Project("{FAE04EC0-301F-11D3-BF4B-00C04F79EFBC}") = "Metrohome65.Settings.Controls", "metrohome65\Metrohome65.Settings.Controls\Metrohome65.Settings.Controls.csproj", "{A6BFA5B1-E501-4588-BCF0-F07356F120E3}"
EndProject
Project("{FAE04EC0-301F-11D3-BF4B-00C04F79EFBC}") = "MetroHome65.Routines", "metrohome65\MetroHome65.Routines\MetroHome65.Routines.csproj", "{18D428A8-6722-4A69-B39D-F652AFA34D90}"
EndProject
Project("{B900F1C2-3D47-4FEC-85B3-04AAF18C3634}") = "Setup", "Setup\Setup.vddproj", "{6A342D7F-A61B-4835-A4BE-B0679AAD6D72}"
EndProject
Global
	GlobalSection(SolutionConfigurationPlatforms) = preSolution
		Debug|Any CPU = Debug|Any CPU
		Debug|Mixed Platforms = Debug|Mixed Platforms
		Debug|Windows Mobile 6.5.3 Professional DTK (ARMV4I) = Debug|Windows Mobile 6.5.3 Professional DTK (ARMV4I)
		Release|Any CPU = Release|Any CPU
		Release|Mixed Platforms = Release|Mixed Platforms
		Release|Windows Mobile 6.5.3 Professional DTK (ARMV4I) = Release|Windows Mobile 6.5.3 Professional DTK (ARMV4I)
	EndGlobalSection
	GlobalSection(ProjectConfigurationPlatforms) = postSolution
		{55BF769B-A219-4FCF-8B3C-4B87D0D147AF}.Debug|Any CPU.ActiveCfg = Debug|Any CPU
		{55BF769B-A219-4FCF-8B3C-4B87D0D147AF}.Debug|Any CPU.Build.0 = Debug|Any CPU
		{55BF769B-A219-4FCF-8B3C-4B87D0D147AF}.Debug|Any CPU.Deploy.0 = Debug|Any CPU
		{55BF769B-A219-4FCF-8B3C-4B87D0D147AF}.Debug|Mixed Platforms.ActiveCfg = Debug|Any CPU
		{55BF769B-A219-4FCF-8B3C-4B87D0D147AF}.Debug|Mixed Platforms.Build.0 = Debug|Any CPU
		{55BF769B-A219-4FCF-8B3C-4B87D0D147AF}.Debug|Mixed Platforms.Deploy.0 = Debug|Any CPU
		{55BF769B-A219-4FCF-8B3C-4B87D0D147AF}.Debug|Windows Mobile 6.5.3 Professional DTK (ARMV4I).ActiveCfg = Debug|Any CPU
		{55BF769B-A219-4FCF-8B3C-4B87D0D147AF}.Debug|Windows Mobile 6.5.3 Professional DTK (ARMV4I).Build.0 = Debug|Any CPU
		{55BF769B-A219-4FCF-8B3C-4B87D0D147AF}.Debug|Windows Mobile 6.5.3 Professional DTK (ARMV4I).Deploy.0 = Debug|Any CPU
		{55BF769B-A219-4FCF-8B3C-4B87D0D147AF}.Release|Any CPU.ActiveCfg = Release|Any CPU
		{55BF769B-A219-4FCF-8B3C-4B87D0D147AF}.Release|Any CPU.Build.0 = Release|Any CPU
		{55BF769B-A219-4FCF-8B3C-4B87D0D147AF}.Release|Any CPU.Deploy.0 = Release|Any CPU
		{55BF769B-A219-4FCF-8B3C-4B87D0D147AF}.Release|Mixed Platforms.ActiveCfg = Release|Any CPU
		{55BF769B-A219-4FCF-8B3C-4B87D0D147AF}.Release|Mixed Platforms.Build.0 = Release|Any CPU
		{55BF769B-A219-4FCF-8B3C-4B87D0D147AF}.Release|Mixed Platforms.Deploy.0 = Release|Any CPU
		{55BF769B-A219-4FCF-8B3C-4B87D0D147AF}.Release|Windows Mobile 6.5.3 Professional DTK (ARMV4I).ActiveCfg = Release|Any CPU
		{B23D069D-4ED9-4F45-BE07-DA271A2106D4}.Debug|Any CPU.ActiveCfg = Debug|Any CPU
		{B23D069D-4ED9-4F45-BE07-DA271A2106D4}.Debug|Any CPU.Build.0 = Debug|Any CPU
		{B23D069D-4ED9-4F45-BE07-DA271A2106D4}.Debug|Mixed Platforms.ActiveCfg = Debug|Any CPU
		{B23D069D-4ED9-4F45-BE07-DA271A2106D4}.Debug|Mixed Platforms.Build.0 = Debug|Any CPU
		{B23D069D-4ED9-4F45-BE07-DA271A2106D4}.Debug|Windows Mobile 6.5.3 Professional DTK (ARMV4I).ActiveCfg = Debug|Any CPU
		{B23D069D-4ED9-4F45-BE07-DA271A2106D4}.Debug|Windows Mobile 6.5.3 Professional DTK (ARMV4I).Build.0 = Debug|Any CPU
		{B23D069D-4ED9-4F45-BE07-DA271A2106D4}.Debug|Windows Mobile 6.5.3 Professional DTK (ARMV4I).Deploy.0 = Debug|Any CPU
		{B23D069D-4ED9-4F45-BE07-DA271A2106D4}.Release|Any CPU.ActiveCfg = Release|Any CPU
		{B23D069D-4ED9-4F45-BE07-DA271A2106D4}.Release|Any CPU.Build.0 = Release|Any CPU
		{B23D069D-4ED9-4F45-BE07-DA271A2106D4}.Release|Mixed Platforms.ActiveCfg = Release|Any CPU
		{B23D069D-4ED9-4F45-BE07-DA271A2106D4}.Release|Mixed Platforms.Build.0 = Release|Any CPU
		{B23D069D-4ED9-4F45-BE07-DA271A2106D4}.Release|Windows Mobile 6.5.3 Professional DTK (ARMV4I).ActiveCfg = Release|Any CPU
		{6EA956FA-6157-44EF-A9B4-FB43B4E18FAD}.Debug|Any CPU.ActiveCfg = Debug|Any CPU
		{6EA956FA-6157-44EF-A9B4-FB43B4E18FAD}.Debug|Any CPU.Build.0 = Debug|Any CPU
		{6EA956FA-6157-44EF-A9B4-FB43B4E18FAD}.Debug|Mixed Platforms.ActiveCfg = Debug|Any CPU
		{6EA956FA-6157-44EF-A9B4-FB43B4E18FAD}.Debug|Mixed Platforms.Build.0 = Debug|Any CPU
		{6EA956FA-6157-44EF-A9B4-FB43B4E18FAD}.Debug|Windows Mobile 6.5.3 Professional DTK (ARMV4I).ActiveCfg = Debug|Any CPU
		{6EA956FA-6157-44EF-A9B4-FB43B4E18FAD}.Debug|Windows Mobile 6.5.3 Professional DTK (ARMV4I).Build.0 = Debug|Any CPU
		{6EA956FA-6157-44EF-A9B4-FB43B4E18FAD}.Debug|Windows Mobile 6.5.3 Professional DTK (ARMV4I).Deploy.0 = Debug|Any CPU
		{6EA956FA-6157-44EF-A9B4-FB43B4E18FAD}.Release|Any CPU.ActiveCfg = Release|Any CPU
		{6EA956FA-6157-44EF-A9B4-FB43B4E18FAD}.Release|Any CPU.Build.0 = Release|Any CPU
		{6EA956FA-6157-44EF-A9B4-FB43B4E18FAD}.Release|Mixed Platforms.ActiveCfg = Release|Any CPU
		{6EA956FA-6157-44EF-A9B4-FB43B4E18FAD}.Release|Mixed Platforms.Build.0 = Release|Any CPU
		{6EA956FA-6157-44EF-A9B4-FB43B4E18FAD}.Release|Windows Mobile 6.5.3 Professional DTK (ARMV4I).ActiveCfg = Release|Any CPU
		{058BEB2E-C6A2-4B37-A734-6E3EDBFF8A5A}.Debug|Any CPU.ActiveCfg = Debug|Any CPU
		{058BEB2E-C6A2-4B37-A734-6E3EDBFF8A5A}.Debug|Any CPU.Build.0 = Debug|Any CPU
		{058BEB2E-C6A2-4B37-A734-6E3EDBFF8A5A}.Debug|Mixed Platforms.ActiveCfg = Debug|Any CPU
		{058BEB2E-C6A2-4B37-A734-6E3EDBFF8A5A}.Debug|Mixed Platforms.Build.0 = Debug|Any CPU
		{058BEB2E-C6A2-4B37-A734-6E3EDBFF8A5A}.Debug|Windows Mobile 6.5.3 Professional DTK (ARMV4I).ActiveCfg = Debug|Any CPU
		{058BEB2E-C6A2-4B37-A734-6E3EDBFF8A5A}.Debug|Windows Mobile 6.5.3 Professional DTK (ARMV4I).Build.0 = Debug|Any CPU
		{058BEB2E-C6A2-4B37-A734-6E3EDBFF8A5A}.Debug|Windows Mobile 6.5.3 Professional DTK (ARMV4I).Deploy.0 = Debug|Any CPU
		{058BEB2E-C6A2-4B37-A734-6E3EDBFF8A5A}.Release|Any CPU.ActiveCfg = Release|Any CPU
		{058BEB2E-C6A2-4B37-A734-6E3EDBFF8A5A}.Release|Any CPU.Build.0 = Release|Any CPU
		{058BEB2E-C6A2-4B37-A734-6E3EDBFF8A5A}.Release|Mixed Platforms.ActiveCfg = Release|Any CPU
		{058BEB2E-C6A2-4B37-A734-6E3EDBFF8A5A}.Release|Mixed Platforms.Build.0 = Release|Any CPU
		{058BEB2E-C6A2-4B37-A734-6E3EDBFF8A5A}.Release|Windows Mobile 6.5.3 Professional DTK (ARMV4I).ActiveCfg = Release|Any CPU
		{A6BFA5B1-E501-4588-BCF0-F07356F120E3}.Debug|Any CPU.ActiveCfg = Debug|Any CPU
		{A6BFA5B1-E501-4588-BCF0-F07356F120E3}.Debug|Any CPU.Build.0 = Debug|Any CPU
		{A6BFA5B1-E501-4588-BCF0-F07356F120E3}.Debug|Mixed Platforms.ActiveCfg = Debug|Any CPU
		{A6BFA5B1-E501-4588-BCF0-F07356F120E3}.Debug|Mixed Platforms.Build.0 = Debug|Any CPU
		{A6BFA5B1-E501-4588-BCF0-F07356F120E3}.Debug|Windows Mobile 6.5.3 Professional DTK (ARMV4I).ActiveCfg = Debug|Any CPU
		{A6BFA5B1-E501-4588-BCF0-F07356F120E3}.Debug|Windows Mobile 6.5.3 Professional DTK (ARMV4I).Build.0 = Debug|Any CPU
		{A6BFA5B1-E501-4588-BCF0-F07356F120E3}.Debug|Windows Mobile 6.5.3 Professional DTK (ARMV4I).Deploy.0 = Debug|Any CPU
		{A6BFA5B1-E501-4588-BCF0-F07356F120E3}.Release|Any CPU.ActiveCfg = Release|Any CPU
		{A6BFA5B1-E501-4588-BCF0-F07356F120E3}.Release|Any CPU.Build.0 = Release|Any CPU
		{A6BFA5B1-E501-4588-BCF0-F07356F120E3}.Release|Mixed Platforms.ActiveCfg = Release|Any CPU
		{A6BFA5B1-E501-4588-BCF0-F07356F120E3}.Release|Mixed Platforms.Build.0 = Release|Any CPU
		{A6BFA5B1-E501-4588-BCF0-F07356F120E3}.Release|Windows Mobile 6.5.3 Professional DTK (ARMV4I).ActiveCfg = Release|Any CPU
		{18D428A8-6722-4A69-B39D-F652AFA34D90}.Debug|Any CPU.ActiveCfg = Debug|Any CPU
		{18D428A8-6722-4A69-B39D-F652AFA34D90}.Debug|Any CPU.Build.0 = Debug|Any CPU
		{18D428A8-6722-4A69-B39D-F652AFA34D90}.Debug|Mixed Platforms.ActiveCfg = Debug|Any CPU
		{18D428A8-6722-4A69-B39D-F652AFA34D90}.Debug|Mixed Platforms.Build.0 = Debug|Any CPU
		{18D428A8-6722-4A69-B39D-F652AFA34D90}.Debug|Windows Mobile 6.5.3 Professional DTK (ARMV4I).ActiveCfg = Debug|Any CPU
		{18D428A8-6722-4A69-B39D-F652AFA34D90}.Debug|Windows Mobile 6.5.3 Professional DTK (ARMV4I).Build.0 = Debug|Any CPU
		{18D428A8-6722-4A69-B39D-F652AFA34D90}.Debug|Windows Mobile 6.5.3 Professional DTK (ARMV4I).Deploy.0 = Debug|Any CPU
		{18D428A8-6722-4A69-B39D-F652AFA34D90}.Release|Any CPU.ActiveCfg = Release|Any CPU
		{18D428A8-6722-4A69-B39D-F652AFA34D90}.Release|Any CPU.Build.0 = Release|Any CPU
		{18D428A8-6722-4A69-B39D-F652AFA34D90}.Release|Mixed Platforms.ActiveCfg = Release|Any CPU
		{18D428A8-6722-4A69-B39D-F652AFA34D90}.Release|Mixed Platforms.Build.0 = Release|Any CPU
		{18D428A8-6722-4A69-B39D-F652AFA34D90}.Release|Windows Mobile 6.5.3 Professional DTK (ARMV4I).ActiveCfg = Release|Any CPU
		{6A342D7F-A61B-4835-A4BE-B0679AAD6D72}.Debug|Any CPU.ActiveCfg = Debug
		{6A342D7F-A61B-4835-A4BE-B0679AAD6D72}.Debug|Mixed Platforms.ActiveCfg = Debug
		{6A342D7F-A61B-4835-A4BE-B0679AAD6D72}.Debug|Windows Mobile 6.5.3 Professional DTK (ARMV4I).ActiveCfg = Debug
		{6A342D7F-A61B-4835-A4BE-B0679AAD6D72}.Debug|Windows Mobile 6.5.3 Professional DTK (ARMV4I).Build.0 = Debug
		{6A342D7F-A61B-4835-A4BE-B0679AAD6D72}.Release|Any CPU.ActiveCfg = Release
		{6A342D7F-A61B-4835-A4BE-B0679AAD6D72}.Release|Mixed Platforms.ActiveCfg = Release
		{6A342D7F-A61B-4835-A4BE-B0679AAD6D72}.Release|Windows Mobile 6.5.3 Professional DTK (ARMV4I).ActiveCfg = Release
	EndGlobalSection
	GlobalSection(SolutionProperties) = preSolution
		HideSolutionNode = FALSE
	EndGlobalSection
EndGlobal
